// !$*UTF8*$!
{
	archiveVersion = 1;
	classes = {
	};
	objectVersion = 47;
	objects = {

/* Begin PBXBuildFile section */
		E90B21B71BF6B02E00EA118A /* SceneGraphParser.swift in Sources */ = {isa = PBXBuildFile; fileRef = E90B21B61BF6B02E00EA118A /* SceneGraphParser.swift */; };
		E90B21B91BF7E8C600EA118A /* SceneGraph.xml in Resources */ = {isa = PBXBuildFile; fileRef = E90B21B81BF7E8C600EA118A /* SceneGraph.xml */; };
		E90B21BB1BF7ED3D00EA118A /* OptionalStringInitialisable.swift in Sources */ = {isa = PBXBuildFile; fileRef = E90B21BA1BF7ED3D00EA118A /* OptionalStringInitialisable.swift */; };
		E90B21C11BF8089900EA118A /* Behaviour.swift in Sources */ = {isa = PBXBuildFile; fileRef = E90B21C01BF8089900EA118A /* Behaviour.swift */; };
		E90B21C41BF808FD00EA118A /* SpawnPointBehaviour.swift in Sources */ = {isa = PBXBuildFile; fileRef = E90B21C31BF808FD00EA118A /* SpawnPointBehaviour.swift */; };
		E90B21C61BF8096300EA118A /* PlayerBehaviour.swift in Sources */ = {isa = PBXBuildFile; fileRef = E90B21C51BF8096300EA118A /* PlayerBehaviour.swift */; };
		E90B21C91BF8122600EA118A /* StoneWall.jpg in Resources */ = {isa = PBXBuildFile; fileRef = E90B21C71BF8122600EA118A /* StoneWall.jpg */; };
		E90B21CA1BF8122600EA118A /* StoneWall.mtl in Resources */ = {isa = PBXBuildFile; fileRef = E90B21C81BF8122600EA118A /* StoneWall.mtl */; };
		E91AA9951BEAFC9F0026D9ED /* Shaders.swift in Sources */ = {isa = PBXBuildFile; fileRef = E91AA9941BEAFC9F0026D9ED /* Shaders.swift */; };
		E91AA9971BEAFDB30026D9ED /* GBuffer.swift in Sources */ = {isa = PBXBuildFile; fileRef = E91AA9961BEAFDB30026D9ED /* GBuffer.swift */; };
		E9205DBD1BD73F95005B990F /* GLMesh.swift in Sources */ = {isa = PBXBuildFile; fileRef = E9205DBC1BD73F95005B990F /* GLMesh.swift */; };
		E9205DBF1BD740CE005B990F /* BoundingBox.swift in Sources */ = {isa = PBXBuildFile; fileRef = E9205DBE1BD740CE005B990F /* BoundingBox.swift */; };
		E9205DC11BD744DD005B990F /* Material.swift in Sources */ = {isa = PBXBuildFile; fileRef = E9205DC01BD744DD005B990F /* Material.swift */; };
		E9205DC61BD777B7005B990F /* CBridges.c in Sources */ = {isa = PBXBuildFile; fileRef = E9205DC51BD777B7005B990F /* CBridges.c */; };
		E9205DC81BD77C97005B990F /* ModelIO.framework in Frameworks */ = {isa = PBXBuildFile; fileRef = E9205DC71BD77C97005B990F /* ModelIO.framework */; };
		E93A311D1C042C75009240D4 /* MTKInputView.swift in Sources */ = {isa = PBXBuildFile; fileRef = E93A311C1C042C75009240D4 /* MTKInputView.swift */; };
		E93AC70F1C16312A00801A46 /* OpenCloseBehaviour.swift in Sources */ = {isa = PBXBuildFile; fileRef = E93AC70D1C16311900801A46 /* OpenCloseBehaviour.swift */; };
		E93AC7101C16312A00801A46 /* OpenCloseBehaviour.swift in Sources */ = {isa = PBXBuildFile; fileRef = E93AC70D1C16311900801A46 /* OpenCloseBehaviour.swift */; };
		E93AC7121C16377500801A46 /* Chest in Resources */ = {isa = PBXBuildFile; fileRef = E93AC7111C16377500801A46 /* Chest */; };
		E93AC7131C16377500801A46 /* Chest in Resources */ = {isa = PBXBuildFile; fileRef = E93AC7111C16377500801A46 /* Chest */; };
		E93B4C0F1BED59A200792417 /* TextureUnit.swift in Sources */ = {isa = PBXBuildFile; fileRef = E93B4C0E1BED59A200792417 /* TextureUnit.swift */; };
		E93B4C111BED5D8B00792417 /* GLExtensions.swift in Sources */ = {isa = PBXBuildFile; fileRef = E93B4C101BED5D8B00792417 /* GLExtensions.swift */; };
		E93CB1031BF3EF450011267C /* MTLParser.swift in Sources */ = {isa = PBXBuildFile; fileRef = E93CB1021BF3EF450011267C /* MTLParser.swift */; };
		E93CB1051BF3FF520011267C /* TextureLoader.swift in Sources */ = {isa = PBXBuildFile; fileRef = E93CB1041BF3FF520011267C /* TextureLoader.swift */; };
		E93EED3B1BD30245005B6B05 /* main.swift in Sources */ = {isa = PBXBuildFile; fileRef = E93EED3A1BD30245005B6B05 /* main.swift */; };
		E93EED3F1BD30245005B6B05 /* Assets.xcassets in Resources */ = {isa = PBXBuildFile; fileRef = E93EED3E1BD30245005B6B05 /* Assets.xcassets */; };
		E93EED4A1BD30262005B6B05 /* SceneNode.swift in Sources */ = {isa = PBXBuildFile; fileRef = E93EED491BD30262005B6B05 /* SceneNode.swift */; };
		E93EED4C1BD3026C005B6B05 /* TransformNode.swift in Sources */ = {isa = PBXBuildFile; fileRef = E93EED4B1BD3026C005B6B05 /* TransformNode.swift */; };
		E944BD8B1BF0059900E61077 /* MDL+GLTypes.swift in Sources */ = {isa = PBXBuildFile; fileRef = E944BD8A1BF0059900E61077 /* MDL+GLTypes.swift */; };
		E944BD8F1BF03BAB00E61077 /* GLForwardRenderer.swift in Sources */ = {isa = PBXBuildFile; fileRef = E944BD8E1BF03BAB00E61077 /* GLForwardRenderer.swift */; };
		E944BD971BF0423500E61077 /* libglfw3.a in Frameworks */ = {isa = PBXBuildFile; fileRef = E944BD961BF0423500E61077 /* libglfw3.a */; };
		E95E28111BF92770001E4F13 /* FlickeringLightBehaviour.swift in Sources */ = {isa = PBXBuildFile; fileRef = E95E28101BF92770001E4F13 /* FlickeringLightBehaviour.swift */; };
		E95E28141BF92F75001E4F13 /* Flame in Resources */ = {isa = PBXBuildFile; fileRef = E95E28131BF92F75001E4F13 /* Flame */; };
		E97FAFF81BFA8C4800025554 /* Animation.swift in Sources */ = {isa = PBXBuildFile; fileRef = E97FAFF71BFA8C4800025554 /* Animation.swift */; };
		E97FB00D1BFAA63E00025554 /* Event.swift in Sources */ = {isa = PBXBuildFile; fileRef = E97FB00C1BFAA63E00025554 /* Event.swift */; };
		E97FB00F1BFAB52B00025554 /* AnimableProperty.swift in Sources */ = {isa = PBXBuildFile; fileRef = E97FB00E1BFAB52B00025554 /* AnimableProperty.swift */; };
		E97FB0131BFABA1700025554 /* AnimationSystem.swift in Sources */ = {isa = PBXBuildFile; fileRef = E97FB0121BFABA1700025554 /* AnimationSystem.swift */; };
		E9867C541BF19FFA008781B0 /* GLKit.framework in Frameworks */ = {isa = PBXBuildFile; fileRef = E9867C531BF19FFA008781B0 /* GLKit.framework */; };
		E9867C561BF1A1B4008781B0 /* Plane.obj in Resources */ = {isa = PBXBuildFile; fileRef = E9867C551BF1A1B4008781B0 /* Plane.obj */; };
		E988C9731C7BEC99004DBFDE /* TorranceSparrow.metal in Sources */ = {isa = PBXBuildFile; fileRef = E988C9721C7BEC99004DBFDE /* TorranceSparrow.metal */; };
		E9968EC01C1CF7AF000154C1 /* Octree.swift in Sources */ = {isa = PBXBuildFile; fileRef = E9968EBF1C1CF7AF000154C1 /* Octree.swift */; };
		E9968EC11C1CF7AF000154C1 /* Octree.swift in Sources */ = {isa = PBXBuildFile; fileRef = E9968EBF1C1CF7AF000154C1 /* Octree.swift */; };
		E9968EC31C1D268F000154C1 /* Frustum.swift in Sources */ = {isa = PBXBuildFile; fileRef = E9968EC21C1D268F000154C1 /* Frustum.swift */; };
		E9968EC41C1D268F000154C1 /* Frustum.swift in Sources */ = {isa = PBXBuildFile; fileRef = E9968EC21C1D268F000154C1 /* Frustum.swift */; };
		E99A844B1C01749800D0D63F /* AppDelegate.swift in Sources */ = {isa = PBXBuildFile; fileRef = E99A844A1C01749800D0D63F /* AppDelegate.swift */; };
		E99A844D1C01749800D0D63F /* GameViewController.swift in Sources */ = {isa = PBXBuildFile; fileRef = E99A844C1C01749800D0D63F /* GameViewController.swift */; };
		E99A844F1C01749800D0D63F /* ForwardRendererShaders.metal in Sources */ = {isa = PBXBuildFile; fileRef = E99A844E1C01749800D0D63F /* ForwardRendererShaders.metal */; };
		E99A84511C01749800D0D63F /* Assets.xcassets in Resources */ = {isa = PBXBuildFile; fileRef = E99A84501C01749800D0D63F /* Assets.xcassets */; };
		E99A84541C01749800D0D63F /* MainMenu.xib in Resources */ = {isa = PBXBuildFile; fileRef = E99A84521C01749800D0D63F /* MainMenu.xib */; };
		E99C44411C0532EE00F27679 /* GBuffer.metal in Sources */ = {isa = PBXBuildFile; fileRef = E99C44401C0532EE00F27679 /* GBuffer.metal */; };
		E99C44431C05449400F27679 /* MTLRenderer.swift in Sources */ = {isa = PBXBuildFile; fileRef = E99C44421C05449400F27679 /* MTLRenderer.swift */; };
		E99C44491C0560B200F27679 /* LightComputations.metal in Sources */ = {isa = PBXBuildFile; fileRef = E99C44481C0560B200F27679 /* LightComputations.metal */; };
		E99C444D1C0562D400F27679 /* Lighting.metal in Sources */ = {isa = PBXBuildFile; fileRef = E99C444C1C0562D400F27679 /* Lighting.metal */; };
		E99FCEBD1BDA2A3500C778A5 /* Game.swift in Sources */ = {isa = PBXBuildFile; fileRef = E99FCEBC1BDA2A3500C778A5 /* Game.swift */; };
		E99FCEBF1BDA2F4600C778A5 /* OriginalAdventure.swift in Sources */ = {isa = PBXBuildFile; fileRef = E99FCEBE1BDA2F4600C778A5 /* OriginalAdventure.swift */; };
		E99FDCDE1C050B9B004AFD66 /* MTLDeferredRenderer.swift in Sources */ = {isa = PBXBuildFile; fileRef = E99FDCDD1C050B9B004AFD66 /* MTLDeferredRenderer.swift */; };
		E9A212D61C0BCA5C0037EE45 /* DeferredPrimitives.swift in Sources */ = {isa = PBXBuildFile; fileRef = E9A212D51C0BCA5C0037EE45 /* DeferredPrimitives.swift */; };
		E9A4D4B61BF077BD003FEACC /* MedievalModels in Resources */ = {isa = PBXBuildFile; fileRef = E9A4D4B51BF077BD003FEACC /* MedievalModels */; };
		E9A4D4B71BF077CB003FEACC /* PassthroughShader.vert in Resources */ = {isa = PBXBuildFile; fileRef = E9A4D4B31BF075F1003FEACC /* PassthroughShader.vert */; };
		E9A4D4B81BF077CB003FEACC /* PickerShader.frag in Resources */ = {isa = PBXBuildFile; fileRef = E944BD921BF03F9800E61077 /* PickerShader.frag */; };
		E9A4D4B91BF077CB003FEACC /* PickerShader.vert in Resources */ = {isa = PBXBuildFile; fileRef = E944BD931BF03F9800E61077 /* PickerShader.vert */; };
		E9A734F81BE2089F002BB7FD /* Renderer.swift in Sources */ = {isa = PBXBuildFile; fileRef = E9A734F71BE2089F002BB7FD /* Renderer.swift */; };
		E9B6ABF11C02957600F27FD7 /* MTLForwardRenderer.swift in Sources */ = {isa = PBXBuildFile; fileRef = E9B6ABF01C02957600F27FD7 /* MTLForwardRenderer.swift */; };
		E9B6ABF41C02965500F27FD7 /* EventDataKey.swift in Sources */ = {isa = PBXBuildFile; fileRef = E9F774FA1BFC1747009776F0 /* EventDataKey.swift */; };
		E9B6ABF51C02965500F27FD7 /* Event.swift in Sources */ = {isa = PBXBuildFile; fileRef = E97FB00C1BFAA63E00025554 /* Event.swift */; };
		E9B6ABF61C02965500F27FD7 /* Animation.swift in Sources */ = {isa = PBXBuildFile; fileRef = E97FAFF71BFA8C4800025554 /* Animation.swift */; };
		E9B6ABF71C02965500F27FD7 /* AnimableProperty.swift in Sources */ = {isa = PBXBuildFile; fileRef = E97FB00E1BFAB52B00025554 /* AnimableProperty.swift */; };
		E9B6ABF81C02965500F27FD7 /* AnimationSystem.swift in Sources */ = {isa = PBXBuildFile; fileRef = E97FB0121BFABA1700025554 /* AnimationSystem.swift */; };
		E9B6ABF91C02965500F27FD7 /* MTLParser.swift in Sources */ = {isa = PBXBuildFile; fileRef = E93CB1021BF3EF450011267C /* MTLParser.swift */; };
		E9B6ABFA1C02965500F27FD7 /* MaterialParser.swift in Sources */ = {isa = PBXBuildFile; fileRef = E9BE64021BF417AE00045FBB /* MaterialParser.swift */; };
		E9B6ABFB1C02965500F27FD7 /* SceneGraphParser.swift in Sources */ = {isa = PBXBuildFile; fileRef = E90B21B61BF6B02E00EA118A /* SceneGraphParser.swift */; };
		E9B6ABFC1C02965500F27FD7 /* OptionalStringInitialisable.swift in Sources */ = {isa = PBXBuildFile; fileRef = E90B21BA1BF7ED3D00EA118A /* OptionalStringInitialisable.swift */; };
		E9B6AC001C02965500F27FD7 /* Shaders.swift in Sources */ = {isa = PBXBuildFile; fileRef = E91AA9941BEAFC9F0026D9ED /* Shaders.swift */; };
		E9B6AC011C02965500F27FD7 /* Renderer.swift in Sources */ = {isa = PBXBuildFile; fileRef = E9A734F71BE2089F002BB7FD /* Renderer.swift */; };
		E9B6AC041C02965500F27FD7 /* GBuffer.swift in Sources */ = {isa = PBXBuildFile; fileRef = E91AA9961BEAFDB30026D9ED /* GBuffer.swift */; };
		E9B6AC051C02965500F27FD7 /* TextureUnit.swift in Sources */ = {isa = PBXBuildFile; fileRef = E93B4C0E1BED59A200792417 /* TextureUnit.swift */; };
		E9B6AC061C02965500F27FD7 /* GLExtensions.swift in Sources */ = {isa = PBXBuildFile; fileRef = E93B4C101BED5D8B00792417 /* GLExtensions.swift */; };
		E9B6AC091C02965500F27FD7 /* Mesh.swift in Sources */ = {isa = PBXBuildFile; fileRef = E9BE64001BF416F700045FBB /* Mesh.swift */; };
		E9B6AC0B1C02965500F27FD7 /* ZSort.swift in Sources */ = {isa = PBXBuildFile; fileRef = E9C1B1631BFFEC52004D5B4C /* ZSort.swift */; };
		E9B6AC0C1C02965500F27FD7 /* SceneNode.swift in Sources */ = {isa = PBXBuildFile; fileRef = E93EED491BD30262005B6B05 /* SceneNode.swift */; };
		E9B6AC0D1C02965500F27FD7 /* TransformNode.swift in Sources */ = {isa = PBXBuildFile; fileRef = E93EED4B1BD3026C005B6B05 /* TransformNode.swift */; };
		E9B6AC0E1C02965500F27FD7 /* Camera.swift in Sources */ = {isa = PBXBuildFile; fileRef = E9FE25641BD4CA8C00B0CFC0 /* Camera.swift */; };
		E9B6AC0F1C02965500F27FD7 /* Light.swift in Sources */ = {isa = PBXBuildFile; fileRef = E9FE25661BD4CAE200B0CFC0 /* Light.swift */; };
		E9B6AC111C02965500F27FD7 /* GameObject.swift in Sources */ = {isa = PBXBuildFile; fileRef = E9FBA6261BD618B5007052D4 /* GameObject.swift */; };
		E9B6AC121C02965500F27FD7 /* Material.swift in Sources */ = {isa = PBXBuildFile; fileRef = E9205DC01BD744DD005B990F /* Material.swift */; };
		E9B6AC131C02965500F27FD7 /* Behaviour.swift in Sources */ = {isa = PBXBuildFile; fileRef = E90B21C01BF8089900EA118A /* Behaviour.swift */; };
		E9B6AC141C02965500F27FD7 /* MathTypes.swift in Sources */ = {isa = PBXBuildFile; fileRef = E9FBA6281BD61B8B007052D4 /* MathTypes.swift */; };
		E9B6AC151C02965500F27FD7 /* BoundingBox.swift in Sources */ = {isa = PBXBuildFile; fileRef = E9205DBE1BD740CE005B990F /* BoundingBox.swift */; };
		E9B6AC171C02965500F27FD7 /* CBridges.c in Sources */ = {isa = PBXBuildFile; fileRef = E9205DC51BD777B7005B990F /* CBridges.c */; };
		E9B6AC181C02965500F27FD7 /* Input.swift in Sources */ = {isa = PBXBuildFile; fileRef = E9F774F61BFBF2B6009776F0 /* Input.swift */; };
		E9B6AC191C02965500F27FD7 /* OriginalAdventure.swift in Sources */ = {isa = PBXBuildFile; fileRef = E99FCEBE1BDA2F4600C778A5 /* OriginalAdventure.swift */; };
		E9B6AC1A1C02965500F27FD7 /* SpawnPointBehaviour.swift in Sources */ = {isa = PBXBuildFile; fileRef = E90B21C31BF808FD00EA118A /* SpawnPointBehaviour.swift */; };
		E9B6AC1B1C02965500F27FD7 /* PlayerBehaviour.swift in Sources */ = {isa = PBXBuildFile; fileRef = E90B21C51BF8096300EA118A /* PlayerBehaviour.swift */; };
		E9B6AC1C1C02965500F27FD7 /* FlickeringLightBehaviour.swift in Sources */ = {isa = PBXBuildFile; fileRef = E95E28101BF92770001E4F13 /* FlickeringLightBehaviour.swift */; };
		E9B6AC1D1C02965500F27FD7 /* SceneGraphParser+OriginalAdventure.swift in Sources */ = {isa = PBXBuildFile; fileRef = E9F48E621BF844FE006B6FED /* SceneGraphParser+OriginalAdventure.swift */; };
		E9B6AC1E1C02965500F27FD7 /* AdventureGameInput.swift in Sources */ = {isa = PBXBuildFile; fileRef = E9F774F81BFC0EFD009776F0 /* AdventureGameInput.swift */; };
		E9B6AC1F1C02965500F27FD7 /* Settings.swift in Sources */ = {isa = PBXBuildFile; fileRef = E9F774FC1BFC1E53009776F0 /* Settings.swift */; };
		E9B6AC211C02982000F27FD7 /* Game.swift in Sources */ = {isa = PBXBuildFile; fileRef = E99FCEBC1BDA2A3500C778A5 /* Game.swift */; };
		E9B6AC231C02991C00F27FD7 /* MetalConstants.swift in Sources */ = {isa = PBXBuildFile; fileRef = E9B6AC221C02991C00F27FD7 /* MetalConstants.swift */; };
		E9B6AC251C02994200F27FD7 /* GLConstants.swift in Sources */ = {isa = PBXBuildFile; fileRef = E9B6AC241C02994200F27FD7 /* GLConstants.swift */; };
		E9B6AC2C1C029BDB00F27FD7 /* TextureSampler.swift in Sources */ = {isa = PBXBuildFile; fileRef = E9B6AC2B1C029BDB00F27FD7 /* TextureSampler.swift */; };
		E9B6AC2E1C029C5100F27FD7 /* MTLMesh.swift in Sources */ = {isa = PBXBuildFile; fileRef = E9B6AC2D1C029C5100F27FD7 /* MTLMesh.swift */; };
		E9B6AC301C029E1800F27FD7 /* TextureLoader.swift in Sources */ = {isa = PBXBuildFile; fileRef = E9B6AC2F1C029E1800F27FD7 /* TextureLoader.swift */; };
		E9B6AC311C02A11400F27FD7 /* sphere.mtl in Resources */ = {isa = PBXBuildFile; fileRef = E9C13C731BFE8F8400DB4351 /* sphere.mtl */; };
		E9B6AC321C02A11400F27FD7 /* sphere.obj in Resources */ = {isa = PBXBuildFile; fileRef = E9C13C741BFE8F8400DB4351 /* sphere.obj */; };
		E9B6AC331C02A11400F27FD7 /* Flame in Resources */ = {isa = PBXBuildFile; fileRef = E95E28131BF92F75001E4F13 /* Flame */; };
		E9B6AC341C02A11400F27FD7 /* StoneWall.jpg in Resources */ = {isa = PBXBuildFile; fileRef = E90B21C71BF8122600EA118A /* StoneWall.jpg */; };
		E9B6AC351C02A11400F27FD7 /* StoneWall.png in Resources */ = {isa = PBXBuildFile; fileRef = E9F774FE1BFC24AF009776F0 /* StoneWall.png */; };
		E9B6AC361C02A11400F27FD7 /* StoneWall.mtl in Resources */ = {isa = PBXBuildFile; fileRef = E90B21C81BF8122600EA118A /* StoneWall.mtl */; };
		E9B6AC371C02A11400F27FD7 /* SceneGraph.xml in Resources */ = {isa = PBXBuildFile; fileRef = E90B21B81BF7E8C600EA118A /* SceneGraph.xml */; };
		E9B6AC381C02A11400F27FD7 /* MedievalModels.abc in Resources */ = {isa = PBXBuildFile; fileRef = E93CB0FD1BF321850011267C /* MedievalModels.abc */; };
		E9B6AC391C02A11400F27FD7 /* Plane.obj in Resources */ = {isa = PBXBuildFile; fileRef = E9867C551BF1A1B4008781B0 /* Plane.obj */; };
		E9B6AC3A1C02A11400F27FD7 /* BigTorch.obj in Resources */ = {isa = PBXBuildFile; fileRef = E9205DCA1BD79063005B990F /* BigTorch.obj */; };
		E9B6AC3B1C02A11400F27FD7 /* Carpet.obj in Resources */ = {isa = PBXBuildFile; fileRef = E9205DCB1BD79063005B990F /* Carpet.obj */; };
		E9B6AC3C1C02A11400F27FD7 /* Chain.obj in Resources */ = {isa = PBXBuildFile; fileRef = E9205DCC1BD79063005B990F /* Chain.obj */; };
		E9B6AC3D1C02A11400F27FD7 /* Chain2.obj in Resources */ = {isa = PBXBuildFile; fileRef = E9205DCD1BD79063005B990F /* Chain2.obj */; };
		E9B6AC3E1C02A11400F27FD7 /* clay-1.png in Resources */ = {isa = PBXBuildFile; fileRef = E9205DCE1BD79063005B990F /* clay-1.png */; };
		E9B6AC3F1C02A11400F27FD7 /* clay-2.png in Resources */ = {isa = PBXBuildFile; fileRef = E9205DCF1BD79063005B990F /* clay-2.png */; };
		E9B6AC401C02A11400F27FD7 /* Column2.obj in Resources */ = {isa = PBXBuildFile; fileRef = E9205DD01BD79063005B990F /* Column2.obj */; };
		E9B6AC411C02A11400F27FD7 /* CornerFull.obj in Resources */ = {isa = PBXBuildFile; fileRef = E9205DD11BD79063005B990F /* CornerFull.obj */; };
		E9B6AC421C02A11400F27FD7 /* Crypt.obj in Resources */ = {isa = PBXBuildFile; fileRef = E9205DD21BD79063005B990F /* Crypt.obj */; };
		E9B6AC431C02A11400F27FD7 /* Door.obj in Resources */ = {isa = PBXBuildFile; fileRef = E9205DD31BD79063005B990F /* Door.obj */; };
		E9B6AC441C02A11400F27FD7 /* DoorSetting.obj in Resources */ = {isa = PBXBuildFile; fileRef = E9205DD41BD79063005B990F /* DoorSetting.obj */; };
		E9B6AC451C02A11400F27FD7 /* marble-tile-1.png in Resources */ = {isa = PBXBuildFile; fileRef = E9205DD51BD79063005B990F /* marble-tile-1.png */; };
		E9B6AC461C02A11400F27FD7 /* MedievalMaterials.mtl in Resources */ = {isa = PBXBuildFile; fileRef = E9205DD61BD79063005B990F /* MedievalMaterials.mtl */; };
		E9B6AC471C02A11400F27FD7 /* oldmetal-2.png in Resources */ = {isa = PBXBuildFile; fileRef = E9205DD71BD79063005B990F /* oldmetal-2.png */; };
		E9B6AC481C02A11400F27FD7 /* Stairs.obj in Resources */ = {isa = PBXBuildFile; fileRef = E9205DD81BD79063005B990F /* Stairs.obj */; };
		E9B6AC491C02A11400F27FD7 /* stone-tile-1.png in Resources */ = {isa = PBXBuildFile; fileRef = E9205DD91BD79063005B990F /* stone-tile-1.png */; };
		E9B6AC4A1C02A11400F27FD7 /* stone-tile-1_NRM.png in Resources */ = {isa = PBXBuildFile; fileRef = E9205DDA1BD79063005B990F /* stone-tile-1_NRM.png */; };
		E9B6AC4B1C02A11400F27FD7 /* stone-tile-2.png in Resources */ = {isa = PBXBuildFile; fileRef = E9205DDB1BD79063005B990F /* stone-tile-2.png */; };
		E9B6AC4C1C02A11400F27FD7 /* stone-tile-2_NRM.png in Resources */ = {isa = PBXBuildFile; fileRef = E9205DDC1BD79063005B990F /* stone-tile-2_NRM.png */; };
		E9B6AC4D1C02A11400F27FD7 /* stone-tile-3.png in Resources */ = {isa = PBXBuildFile; fileRef = E9205DDD1BD79063005B990F /* stone-tile-3.png */; };
		E9B6AC4E1C02A11400F27FD7 /* stone-tile-3_NRM.png in Resources */ = {isa = PBXBuildFile; fileRef = E9205DDE1BD79063005B990F /* stone-tile-3_NRM.png */; };
		E9B6AC4F1C02A11400F27FD7 /* Torch.obj in Resources */ = {isa = PBXBuildFile; fileRef = E9205DDF1BD79063005B990F /* Torch.obj */; };
		E9B6AC501C02A11400F27FD7 /* Wall.obj in Resources */ = {isa = PBXBuildFile; fileRef = E9205DE01BD79063005B990F /* Wall.obj */; };
		E9B6AC511C02A11400F27FD7 /* WallColumnBig.obj in Resources */ = {isa = PBXBuildFile; fileRef = E9205DE11BD79063005B990F /* WallColumnBig.obj */; };
		E9B6AC521C02A11400F27FD7 /* WallColumnEnd.obj in Resources */ = {isa = PBXBuildFile; fileRef = E9205DE21BD79063005B990F /* WallColumnEnd.obj */; };
		E9B6AC531C02A11400F27FD7 /* WallColumnMiddle.obj in Resources */ = {isa = PBXBuildFile; fileRef = E9205DE31BD79063005B990F /* WallColumnMiddle.obj */; };
		E9B6AC541C02A11400F27FD7 /* WallDown.obj in Resources */ = {isa = PBXBuildFile; fileRef = E9205DE41BD79063005B990F /* WallDown.obj */; };
		E9B6AC551C02A11400F27FD7 /* wood-1.png in Resources */ = {isa = PBXBuildFile; fileRef = E9205DE51BD79063005B990F /* wood-1.png */; };
		E9B6AC561C02A11400F27FD7 /* Wood.obj in Resources */ = {isa = PBXBuildFile; fileRef = E9205DE61BD79063005B990F /* Wood.obj */; };
		E9B6AC571C02A13E00F27FD7 /* MedievalModels in Resources */ = {isa = PBXBuildFile; fileRef = E9A4D4B51BF077BD003FEACC /* MedievalModels */; };
		E9BE64011BF416F700045FBB /* Mesh.swift in Sources */ = {isa = PBXBuildFile; fileRef = E9BE64001BF416F700045FBB /* Mesh.swift */; };
		E9BE64031BF417AE00045FBB /* MaterialParser.swift in Sources */ = {isa = PBXBuildFile; fileRef = E9BE64021BF417AE00045FBB /* MaterialParser.swift */; };
		E9BE64081BF4249400045FBB /* ForwardRenderer.vert in Resources */ = {isa = PBXBuildFile; fileRef = E9BE64071BF4249400045FBB /* ForwardRenderer.vert */; };
		E9BE640A1BF4249C00045FBB /* ForwardRenderer.frag in Resources */ = {isa = PBXBuildFile; fileRef = E9BE64091BF4249C00045FBB /* ForwardRenderer.frag */; };
		E9BE640C1BF439A800045FBB /* TextureSampler.swift in Sources */ = {isa = PBXBuildFile; fileRef = E9BE640B1BF439A800045FBB /* TextureSampler.swift */; };
		E9C13C751BFE8F8400DB4351 /* sphere.mtl in Resources */ = {isa = PBXBuildFile; fileRef = E9C13C731BFE8F8400DB4351 /* sphere.mtl */; };
		E9C13C761BFE8F8400DB4351 /* sphere.obj in Resources */ = {isa = PBXBuildFile; fileRef = E9C13C741BFE8F8400DB4351 /* sphere.obj */; };
		E9C1B1641BFFEC52004D5B4C /* ZSort.swift in Sources */ = {isa = PBXBuildFile; fileRef = E9C1B1631BFFEC52004D5B4C /* ZSort.swift */; };
		E9F48E631BF844FE006B6FED /* SceneGraphParser+OriginalAdventure.swift in Sources */ = {isa = PBXBuildFile; fileRef = E9F48E621BF844FE006B6FED /* SceneGraphParser+OriginalAdventure.swift */; };
		E9F774F71BFBF2B6009776F0 /* Input.swift in Sources */ = {isa = PBXBuildFile; fileRef = E9F774F61BFBF2B6009776F0 /* Input.swift */; };
		E9F774F91BFC0EFD009776F0 /* AdventureGameInput.swift in Sources */ = {isa = PBXBuildFile; fileRef = E9F774F81BFC0EFD009776F0 /* AdventureGameInput.swift */; };
		E9F774FB1BFC1747009776F0 /* EventDataKey.swift in Sources */ = {isa = PBXBuildFile; fileRef = E9F774FA1BFC1747009776F0 /* EventDataKey.swift */; };
		E9F774FD1BFC1E53009776F0 /* Settings.swift in Sources */ = {isa = PBXBuildFile; fileRef = E9F774FC1BFC1E53009776F0 /* Settings.swift */; };
		E9F774FF1BFC24AF009776F0 /* StoneWall.png in Resources */ = {isa = PBXBuildFile; fileRef = E9F774FE1BFC24AF009776F0 /* StoneWall.png */; };
		E9F775001BFC2502009776F0 /* GLDeferredRenderer.swift in Sources */ = {isa = PBXBuildFile; fileRef = E9A734F91BE208C2002BB7FD /* GLDeferredRenderer.swift */; };
		E9F775071BFC26E8009776F0 /* DirectionalLightPass.frag in Resources */ = {isa = PBXBuildFile; fileRef = E9F775021BFC26E8009776F0 /* DirectionalLightPass.frag */; };
		E9F775081BFC26E8009776F0 /* DirectionalLightPass.vert in Resources */ = {isa = PBXBuildFile; fileRef = E9F775031BFC26E8009776F0 /* DirectionalLightPass.vert */; };
		E9F775091BFC26E8009776F0 /* GeometryPass.frag in Resources */ = {isa = PBXBuildFile; fileRef = E9F775041BFC26E8009776F0 /* GeometryPass.frag */; };
		E9F7750A1BFC26E8009776F0 /* PointLightPass.frag in Resources */ = {isa = PBXBuildFile; fileRef = E9F775051BFC26E8009776F0 /* PointLightPass.frag */; };
		E9F7750B1BFC26E8009776F0 /* PointLightPass.vert in Resources */ = {isa = PBXBuildFile; fileRef = E9F775061BFC26E8009776F0 /* PointLightPass.vert */; };
		E9FBA6271BD618B5007052D4 /* GameObject.swift in Sources */ = {isa = PBXBuildFile; fileRef = E9FBA6261BD618B5007052D4 /* GameObject.swift */; };
		E9FBA6291BD61B8B007052D4 /* MathTypes.swift in Sources */ = {isa = PBXBuildFile; fileRef = E9FBA6281BD61B8B007052D4 /* MathTypes.swift */; };
		E9FBA62B1BD61D2C007052D4 /* Accelerate.framework in Frameworks */ = {isa = PBXBuildFile; fileRef = E9FBA62A1BD61D2C007052D4 /* Accelerate.framework */; };
		E9FE25651BD4CA8C00B0CFC0 /* Camera.swift in Sources */ = {isa = PBXBuildFile; fileRef = E9FE25641BD4CA8C00B0CFC0 /* Camera.swift */; };
		E9FE25671BD4CAE200B0CFC0 /* Light.swift in Sources */ = {isa = PBXBuildFile; fileRef = E9FE25661BD4CAE200B0CFC0 /* Light.swift */; };
		E9FE25691BD4D11F00B0CFC0 /* OpenGL.framework in Frameworks */ = {isa = PBXBuildFile; fileRef = E9FE25681BD4D11F00B0CFC0 /* OpenGL.framework */; };
/* End PBXBuildFile section */

/* Begin PBXCopyFilesBuildPhase section */
		E9FFBCCF1BF96A9400E94386 /* Embed Frameworks */ = {
			isa = PBXCopyFilesBuildPhase;
			buildActionMask = 2147483647;
			dstPath = "";
			dstSubfolderSpec = 10;
			files = (
			);
			name = "Embed Frameworks";
			runOnlyForDeploymentPostprocessing = 0;
		};
/* End PBXCopyFilesBuildPhase section */

/* Begin PBXFileReference section */
		E90B21B61BF6B02E00EA118A /* SceneGraphParser.swift */ = {isa = PBXFileReference; fileEncoding = 4; lastKnownFileType = sourcecode.swift; path = SceneGraphParser.swift; sourceTree = "<group>"; };
		E90B21B81BF7E8C600EA118A /* SceneGraph.xml */ = {isa = PBXFileReference; fileEncoding = 4; lastKnownFileType = text.xml; path = SceneGraph.xml; sourceTree = "<group>"; };
		E90B21BA1BF7ED3D00EA118A /* OptionalStringInitialisable.swift */ = {isa = PBXFileReference; fileEncoding = 4; lastKnownFileType = sourcecode.swift; path = OptionalStringInitialisable.swift; sourceTree = "<group>"; };
		E90B21C01BF8089900EA118A /* Behaviour.swift */ = {isa = PBXFileReference; fileEncoding = 4; lastKnownFileType = sourcecode.swift; path = Behaviour.swift; sourceTree = "<group>"; };
		E90B21C31BF808FD00EA118A /* SpawnPointBehaviour.swift */ = {isa = PBXFileReference; fileEncoding = 4; lastKnownFileType = sourcecode.swift; path = SpawnPointBehaviour.swift; sourceTree = "<group>"; };
		E90B21C51BF8096300EA118A /* PlayerBehaviour.swift */ = {isa = PBXFileReference; fileEncoding = 4; lastKnownFileType = sourcecode.swift; path = PlayerBehaviour.swift; sourceTree = "<group>"; };
		E90B21C71BF8122600EA118A /* StoneWall.jpg */ = {isa = PBXFileReference; lastKnownFileType = image.jpeg; path = StoneWall.jpg; sourceTree = "<group>"; };
		E90B21C81BF8122600EA118A /* StoneWall.mtl */ = {isa = PBXFileReference; fileEncoding = 4; lastKnownFileType = text; path = StoneWall.mtl; sourceTree = "<group>"; };
		E91AA9941BEAFC9F0026D9ED /* Shaders.swift */ = {isa = PBXFileReference; fileEncoding = 4; lastKnownFileType = sourcecode.swift; path = Shaders.swift; sourceTree = "<group>"; };
		E91AA9961BEAFDB30026D9ED /* GBuffer.swift */ = {isa = PBXFileReference; fileEncoding = 4; lastKnownFileType = sourcecode.swift; path = GBuffer.swift; sourceTree = "<group>"; };
		E9205DBC1BD73F95005B990F /* GLMesh.swift */ = {isa = PBXFileReference; fileEncoding = 4; lastKnownFileType = sourcecode.swift; path = GLMesh.swift; sourceTree = "<group>"; };
		E9205DBE1BD740CE005B990F /* BoundingBox.swift */ = {isa = PBXFileReference; fileEncoding = 4; lastKnownFileType = sourcecode.swift; path = BoundingBox.swift; sourceTree = "<group>"; };
		E9205DC01BD744DD005B990F /* Material.swift */ = {isa = PBXFileReference; fileEncoding = 4; lastKnownFileType = sourcecode.swift; path = Material.swift; sourceTree = "<group>"; };
		E9205DC41BD77331005B990F /* CBridges.h */ = {isa = PBXFileReference; lastKnownFileType = sourcecode.c.h; path = CBridges.h; sourceTree = "<group>"; };
		E9205DC51BD777B7005B990F /* CBridges.c */ = {isa = PBXFileReference; fileEncoding = 4; lastKnownFileType = sourcecode.c.c; path = CBridges.c; sourceTree = "<group>"; };
		E9205DC71BD77C97005B990F /* ModelIO.framework */ = {isa = PBXFileReference; lastKnownFileType = wrapper.framework; name = ModelIO.framework; path = System/Library/Frameworks/ModelIO.framework; sourceTree = SDKROOT; };
		E9205DCA1BD79063005B990F /* BigTorch.obj */ = {isa = PBXFileReference; fileEncoding = 4; lastKnownFileType = text; path = BigTorch.obj; sourceTree = "<group>"; };
		E9205DCB1BD79063005B990F /* Carpet.obj */ = {isa = PBXFileReference; fileEncoding = 4; lastKnownFileType = text; path = Carpet.obj; sourceTree = "<group>"; };
		E9205DCC1BD79063005B990F /* Chain.obj */ = {isa = PBXFileReference; fileEncoding = 4; lastKnownFileType = text; path = Chain.obj; sourceTree = "<group>"; };
		E9205DCD1BD79063005B990F /* Chain2.obj */ = {isa = PBXFileReference; fileEncoding = 4; lastKnownFileType = text; path = Chain2.obj; sourceTree = "<group>"; };
		E9205DCE1BD79063005B990F /* clay-1.png */ = {isa = PBXFileReference; lastKnownFileType = image.png; path = "clay-1.png"; sourceTree = "<group>"; };
		E9205DCF1BD79063005B990F /* clay-2.png */ = {isa = PBXFileReference; lastKnownFileType = image.png; path = "clay-2.png"; sourceTree = "<group>"; };
		E9205DD01BD79063005B990F /* Column2.obj */ = {isa = PBXFileReference; fileEncoding = 4; lastKnownFileType = text; path = Column2.obj; sourceTree = "<group>"; };
		E9205DD11BD79063005B990F /* CornerFull.obj */ = {isa = PBXFileReference; fileEncoding = 4; lastKnownFileType = text; path = CornerFull.obj; sourceTree = "<group>"; };
		E9205DD21BD79063005B990F /* Crypt.obj */ = {isa = PBXFileReference; fileEncoding = 4; lastKnownFileType = text; path = Crypt.obj; sourceTree = "<group>"; };
		E9205DD31BD79063005B990F /* Door.obj */ = {isa = PBXFileReference; fileEncoding = 4; lastKnownFileType = text; path = Door.obj; sourceTree = "<group>"; };
		E9205DD41BD79063005B990F /* DoorSetting.obj */ = {isa = PBXFileReference; fileEncoding = 4; lastKnownFileType = text; path = DoorSetting.obj; sourceTree = "<group>"; };
		E9205DD51BD79063005B990F /* marble-tile-1.png */ = {isa = PBXFileReference; lastKnownFileType = image.png; path = "marble-tile-1.png"; sourceTree = "<group>"; };
		E9205DD61BD79063005B990F /* MedievalMaterials.mtl */ = {isa = PBXFileReference; fileEncoding = 4; lastKnownFileType = text; path = MedievalMaterials.mtl; sourceTree = "<group>"; };
		E9205DD71BD79063005B990F /* oldmetal-2.png */ = {isa = PBXFileReference; lastKnownFileType = image.png; path = "oldmetal-2.png"; sourceTree = "<group>"; };
		E9205DD81BD79063005B990F /* Stairs.obj */ = {isa = PBXFileReference; fileEncoding = 4; lastKnownFileType = text; path = Stairs.obj; sourceTree = "<group>"; };
		E9205DD91BD79063005B990F /* stone-tile-1.png */ = {isa = PBXFileReference; lastKnownFileType = image.png; path = "stone-tile-1.png"; sourceTree = "<group>"; };
		E9205DDA1BD79063005B990F /* stone-tile-1_NRM.png */ = {isa = PBXFileReference; lastKnownFileType = image.png; path = "stone-tile-1_NRM.png"; sourceTree = "<group>"; };
		E9205DDB1BD79063005B990F /* stone-tile-2.png */ = {isa = PBXFileReference; lastKnownFileType = image.png; path = "stone-tile-2.png"; sourceTree = "<group>"; };
		E9205DDC1BD79063005B990F /* stone-tile-2_NRM.png */ = {isa = PBXFileReference; lastKnownFileType = image.png; path = "stone-tile-2_NRM.png"; sourceTree = "<group>"; };
		E9205DDD1BD79063005B990F /* stone-tile-3.png */ = {isa = PBXFileReference; lastKnownFileType = image.png; path = "stone-tile-3.png"; sourceTree = "<group>"; };
		E9205DDE1BD79063005B990F /* stone-tile-3_NRM.png */ = {isa = PBXFileReference; lastKnownFileType = image.png; path = "stone-tile-3_NRM.png"; sourceTree = "<group>"; };
		E9205DDF1BD79063005B990F /* Torch.obj */ = {isa = PBXFileReference; fileEncoding = 4; lastKnownFileType = text; path = Torch.obj; sourceTree = "<group>"; };
		E9205DE01BD79063005B990F /* Wall.obj */ = {isa = PBXFileReference; fileEncoding = 4; lastKnownFileType = text; path = Wall.obj; sourceTree = "<group>"; };
		E9205DE11BD79063005B990F /* WallColumnBig.obj */ = {isa = PBXFileReference; fileEncoding = 4; lastKnownFileType = text; path = WallColumnBig.obj; sourceTree = "<group>"; };
		E9205DE21BD79063005B990F /* WallColumnEnd.obj */ = {isa = PBXFileReference; fileEncoding = 4; lastKnownFileType = text; path = WallColumnEnd.obj; sourceTree = "<group>"; };
		E9205DE31BD79063005B990F /* WallColumnMiddle.obj */ = {isa = PBXFileReference; fileEncoding = 4; lastKnownFileType = text; path = WallColumnMiddle.obj; sourceTree = "<group>"; };
		E9205DE41BD79063005B990F /* WallDown.obj */ = {isa = PBXFileReference; fileEncoding = 4; lastKnownFileType = text; path = WallDown.obj; sourceTree = "<group>"; };
		E9205DE51BD79063005B990F /* wood-1.png */ = {isa = PBXFileReference; lastKnownFileType = image.png; path = "wood-1.png"; sourceTree = "<group>"; };
		E9205DE61BD79063005B990F /* Wood.obj */ = {isa = PBXFileReference; fileEncoding = 4; lastKnownFileType = text; path = Wood.obj; sourceTree = "<group>"; };
		E92549ED1BD8EB1400EA4D58 /* glfw3.h */ = {isa = PBXFileReference; fileEncoding = 4; lastKnownFileType = sourcecode.c.h; path = glfw3.h; sourceTree = "<group>"; };
		E92549EE1BD8EB1400EA4D58 /* glfw3native.h */ = {isa = PBXFileReference; fileEncoding = 4; lastKnownFileType = sourcecode.c.h; path = glfw3native.h; sourceTree = "<group>"; };
		E93A311C1C042C75009240D4 /* MTKInputView.swift */ = {isa = PBXFileReference; fileEncoding = 4; lastKnownFileType = sourcecode.swift; name = MTKInputView.swift; path = OriginalAdventureMetal/MTKInputView.swift; sourceTree = "<group>"; };
		E93AC70D1C16311900801A46 /* OpenCloseBehaviour.swift */ = {isa = PBXFileReference; fileEncoding = 4; lastKnownFileType = sourcecode.swift; path = OpenCloseBehaviour.swift; sourceTree = "<group>"; };
		E93AC7111C16377500801A46 /* Chest */ = {isa = PBXFileReference; lastKnownFileType = folder; path = Chest; sourceTree = "<group>"; };
		E93B4C0E1BED59A200792417 /* TextureUnit.swift */ = {isa = PBXFileReference; fileEncoding = 4; lastKnownFileType = sourcecode.swift; path = TextureUnit.swift; sourceTree = "<group>"; };
		E93B4C101BED5D8B00792417 /* GLExtensions.swift */ = {isa = PBXFileReference; fileEncoding = 4; lastKnownFileType = sourcecode.swift; path = GLExtensions.swift; sourceTree = "<group>"; };
		E93CB0FD1BF321850011267C /* MedievalModels.abc */ = {isa = PBXFileReference; lastKnownFileType = file; path = MedievalModels.abc; sourceTree = "<group>"; };
		E93CB1021BF3EF450011267C /* MTLParser.swift */ = {isa = PBXFileReference; fileEncoding = 4; lastKnownFileType = sourcecode.swift; path = MTLParser.swift; sourceTree = "<group>"; };
		E93CB1041BF3FF520011267C /* TextureLoader.swift */ = {isa = PBXFileReference; fileEncoding = 4; lastKnownFileType = sourcecode.swift; path = TextureLoader.swift; sourceTree = "<group>"; };
		E93EED371BD30245005B6B05 /* OriginalAdventure.app */ = {isa = PBXFileReference; explicitFileType = wrapper.application; includeInIndex = 0; path = OriginalAdventure.app; sourceTree = BUILT_PRODUCTS_DIR; };
		E93EED3A1BD30245005B6B05 /* main.swift */ = {isa = PBXFileReference; lastKnownFileType = sourcecode.swift; path = main.swift; sourceTree = "<group>"; };
		E93EED3E1BD30245005B6B05 /* Assets.xcassets */ = {isa = PBXFileReference; lastKnownFileType = folder.assetcatalog; path = Assets.xcassets; sourceTree = "<group>"; };
		E93EED431BD30245005B6B05 /* Info.plist */ = {isa = PBXFileReference; lastKnownFileType = text.plist.xml; path = Info.plist; sourceTree = "<group>"; };
		E93EED491BD30262005B6B05 /* SceneNode.swift */ = {isa = PBXFileReference; fileEncoding = 4; lastKnownFileType = sourcecode.swift; path = SceneNode.swift; sourceTree = "<group>"; };
		E93EED4B1BD3026C005B6B05 /* TransformNode.swift */ = {isa = PBXFileReference; fileEncoding = 4; lastKnownFileType = sourcecode.swift; path = TransformNode.swift; sourceTree = "<group>"; };
		E93EED4D1BD313A3005B6B05 /* OriginalAdventure-Bridging-Header.h */ = {isa = PBXFileReference; lastKnownFileType = sourcecode.c.h; path = "OriginalAdventure-Bridging-Header.h"; sourceTree = "<group>"; };
		E944BD8A1BF0059900E61077 /* MDL+GLTypes.swift */ = {isa = PBXFileReference; fileEncoding = 4; lastKnownFileType = sourcecode.swift; path = "MDL+GLTypes.swift"; sourceTree = "<group>"; };
		E944BD8E1BF03BAB00E61077 /* GLForwardRenderer.swift */ = {isa = PBXFileReference; fileEncoding = 4; lastKnownFileType = sourcecode.swift; path = GLForwardRenderer.swift; sourceTree = "<group>"; };
		E944BD921BF03F9800E61077 /* PickerShader.frag */ = {isa = PBXFileReference; fileEncoding = 4; lastKnownFileType = sourcecode.glsl; path = PickerShader.frag; sourceTree = "<group>"; };
		E944BD931BF03F9800E61077 /* PickerShader.vert */ = {isa = PBXFileReference; fileEncoding = 4; lastKnownFileType = sourcecode.glsl; path = PickerShader.vert; sourceTree = "<group>"; };
		E944BD961BF0423500E61077 /* libglfw3.a */ = {isa = PBXFileReference; lastKnownFileType = archive.ar; path = libglfw3.a; sourceTree = "<group>"; };
		E95E28101BF92770001E4F13 /* FlickeringLightBehaviour.swift */ = {isa = PBXFileReference; fileEncoding = 4; lastKnownFileType = sourcecode.swift; path = FlickeringLightBehaviour.swift; sourceTree = "<group>"; };
		E95E28131BF92F75001E4F13 /* Flame */ = {isa = PBXFileReference; lastKnownFileType = folder; path = Flame; sourceTree = "<group>"; };
		E97FAFF71BFA8C4800025554 /* Animation.swift */ = {isa = PBXFileReference; fileEncoding = 4; lastKnownFileType = sourcecode.swift; path = Animation.swift; sourceTree = "<group>"; };
		E97FB00C1BFAA63E00025554 /* Event.swift */ = {isa = PBXFileReference; fileEncoding = 4; lastKnownFileType = sourcecode.swift; path = Event.swift; sourceTree = "<group>"; };
		E97FB00E1BFAB52B00025554 /* AnimableProperty.swift */ = {isa = PBXFileReference; fileEncoding = 4; lastKnownFileType = sourcecode.swift; path = AnimableProperty.swift; sourceTree = "<group>"; };
		E97FB0121BFABA1700025554 /* AnimationSystem.swift */ = {isa = PBXFileReference; fileEncoding = 4; lastKnownFileType = sourcecode.swift; path = AnimationSystem.swift; sourceTree = "<group>"; };
		E9867C531BF19FFA008781B0 /* GLKit.framework */ = {isa = PBXFileReference; lastKnownFileType = wrapper.framework; name = GLKit.framework; path = System/Library/Frameworks/GLKit.framework; sourceTree = SDKROOT; };
		E9867C551BF1A1B4008781B0 /* Plane.obj */ = {isa = PBXFileReference; fileEncoding = 4; lastKnownFileType = text; path = Plane.obj; sourceTree = "<group>"; };
		E988C9721C7BEC99004DBFDE /* TorranceSparrow.metal */ = {isa = PBXFileReference; fileEncoding = 4; lastKnownFileType = sourcecode.metal; path = TorranceSparrow.metal; sourceTree = "<group>"; };
		E9968EBF1C1CF7AF000154C1 /* Octree.swift */ = {isa = PBXFileReference; fileEncoding = 4; lastKnownFileType = sourcecode.swift; path = Octree.swift; sourceTree = "<group>"; };
		E9968EC21C1D268F000154C1 /* Frustum.swift */ = {isa = PBXFileReference; fileEncoding = 4; lastKnownFileType = sourcecode.swift; path = Frustum.swift; sourceTree = "<group>"; };
		E99A84481C01749800D0D63F /* OriginalAdventureMetal.app */ = {isa = PBXFileReference; explicitFileType = wrapper.application; includeInIndex = 0; path = OriginalAdventureMetal.app; sourceTree = BUILT_PRODUCTS_DIR; };
		E99A844A1C01749800D0D63F /* AppDelegate.swift */ = {isa = PBXFileReference; lastKnownFileType = sourcecode.swift; name = AppDelegate.swift; path = OriginalAdventureMetal/AppDelegate.swift; sourceTree = "<group>"; };
		E99A844C1C01749800D0D63F /* GameViewController.swift */ = {isa = PBXFileReference; lastKnownFileType = sourcecode.swift; name = GameViewController.swift; path = OriginalAdventureMetal/GameViewController.swift; sourceTree = "<group>"; };
		E99A844E1C01749800D0D63F /* ForwardRendererShaders.metal */ = {isa = PBXFileReference; lastKnownFileType = sourcecode.metal; name = ForwardRendererShaders.metal; path = OriginalAdventureMetal/ForwardRendererShaders.metal; sourceTree = "<group>"; };
		E99A84501C01749800D0D63F /* Assets.xcassets */ = {isa = PBXFileReference; lastKnownFileType = folder.assetcatalog; name = Assets.xcassets; path = OriginalAdventureMetal/Assets.xcassets; sourceTree = "<group>"; };
		E99A84531C01749800D0D63F /* Base */ = {isa = PBXFileReference; lastKnownFileType = file.xib; name = Base; path = Base.lproj/MainMenu.xib; sourceTree = "<group>"; };
		E99A84551C01749800D0D63F /* Info.plist */ = {isa = PBXFileReference; lastKnownFileType = text.plist.xml; name = Info.plist; path = OriginalAdventureMetal/Info.plist; sourceTree = "<group>"; };
		E99C443F1C05326D00F27679 /* MetalStructs.h */ = {isa = PBXFileReference; lastKnownFileType = sourcecode.c.h; name = MetalStructs.h; path = OriginalAdventureMetal/MetalStructs.h; sourceTree = "<group>"; };
		E99C44401C0532EE00F27679 /* GBuffer.metal */ = {isa = PBXFileReference; fileEncoding = 4; lastKnownFileType = sourcecode.metal; name = GBuffer.metal; path = OriginalAdventureMetal/GBuffer.metal; sourceTree = "<group>"; };
		E99C44421C05449400F27679 /* MTLRenderer.swift */ = {isa = PBXFileReference; fileEncoding = 4; lastKnownFileType = sourcecode.swift; name = MTLRenderer.swift; path = OriginalAdventureMetal/MTLRenderer.swift; sourceTree = "<group>"; };
		E99C44471C0560B200F27679 /* LightComputations.h */ = {isa = PBXFileReference; fileEncoding = 4; lastKnownFileType = sourcecode.c.h; name = LightComputations.h; path = OriginalAdventureMetal/LightComputations.h; sourceTree = "<group>"; };
		E99C44481C0560B200F27679 /* LightComputations.metal */ = {isa = PBXFileReference; fileEncoding = 4; lastKnownFileType = sourcecode.metal; name = LightComputations.metal; path = OriginalAdventureMetal/LightComputations.metal; sourceTree = "<group>"; };
		E99C444C1C0562D400F27679 /* Lighting.metal */ = {isa = PBXFileReference; fileEncoding = 4; lastKnownFileType = sourcecode.metal; name = Lighting.metal; path = OriginalAdventureMetal/Lighting.metal; sourceTree = "<group>"; };
		E99FCEBC1BDA2A3500C778A5 /* Game.swift */ = {isa = PBXFileReference; fileEncoding = 4; lastKnownFileType = sourcecode.swift; name = Game.swift; path = OriginalAdventure/Game.swift; sourceTree = "<group>"; };
		E99FCEBE1BDA2F4600C778A5 /* OriginalAdventure.swift */ = {isa = PBXFileReference; fileEncoding = 4; lastKnownFileType = sourcecode.swift; path = OriginalAdventure.swift; sourceTree = "<group>"; };
		E99FDCDD1C050B9B004AFD66 /* MTLDeferredRenderer.swift */ = {isa = PBXFileReference; fileEncoding = 4; lastKnownFileType = sourcecode.swift; path = MTLDeferredRenderer.swift; sourceTree = "<group>"; };
		E9A212D51C0BCA5C0037EE45 /* DeferredPrimitives.swift */ = {isa = PBXFileReference; fileEncoding = 4; lastKnownFileType = sourcecode.swift; path = DeferredPrimitives.swift; sourceTree = "<group>"; };
		E9A4D4B31BF075F1003FEACC /* PassthroughShader.vert */ = {isa = PBXFileReference; fileEncoding = 4; lastKnownFileType = sourcecode.glsl; path = PassthroughShader.vert; sourceTree = "<group>"; };
		E9A4D4B51BF077BD003FEACC /* MedievalModels */ = {isa = PBXFileReference; lastKnownFileType = folder; name = MedievalModels; path = OriginalAdventure/MedievalModels; sourceTree = "<group>"; };
		E9A734F71BE2089F002BB7FD /* Renderer.swift */ = {isa = PBXFileReference; fileEncoding = 4; lastKnownFileType = sourcecode.swift; path = Renderer.swift; sourceTree = "<group>"; };
		E9A734F91BE208C2002BB7FD /* GLDeferredRenderer.swift */ = {isa = PBXFileReference; fileEncoding = 4; lastKnownFileType = sourcecode.swift; path = GLDeferredRenderer.swift; sourceTree = "<group>"; };
		E9B6ABF01C02957600F27FD7 /* MTLForwardRenderer.swift */ = {isa = PBXFileReference; fileEncoding = 4; lastKnownFileType = sourcecode.swift; name = MTLForwardRenderer.swift; path = OriginalAdventureMetal/MTLForwardRenderer.swift; sourceTree = "<group>"; };
		E9B6AC201C02979E00F27FD7 /* OriginalAdventureMetal-Bridging-Header.h */ = {isa = PBXFileReference; lastKnownFileType = sourcecode.c.h; name = "OriginalAdventureMetal-Bridging-Header.h"; path = "OriginalAdventureMetal/OriginalAdventureMetal-Bridging-Header.h"; sourceTree = "<group>"; };
		E9B6AC221C02991C00F27FD7 /* MetalConstants.swift */ = {isa = PBXFileReference; fileEncoding = 4; lastKnownFileType = sourcecode.swift; name = MetalConstants.swift; path = OriginalAdventureMetal/MetalConstants.swift; sourceTree = "<group>"; };
		E9B6AC241C02994200F27FD7 /* GLConstants.swift */ = {isa = PBXFileReference; fileEncoding = 4; lastKnownFileType = sourcecode.swift; path = GLConstants.swift; sourceTree = "<group>"; };
		E9B6AC2B1C029BDB00F27FD7 /* TextureSampler.swift */ = {isa = PBXFileReference; fileEncoding = 4; lastKnownFileType = sourcecode.swift; name = TextureSampler.swift; path = OriginalAdventureMetal/TextureSampler.swift; sourceTree = "<group>"; };
		E9B6AC2D1C029C5100F27FD7 /* MTLMesh.swift */ = {isa = PBXFileReference; fileEncoding = 4; lastKnownFileType = sourcecode.swift; path = MTLMesh.swift; sourceTree = "<group>"; };
		E9B6AC2F1C029E1800F27FD7 /* TextureLoader.swift */ = {isa = PBXFileReference; fileEncoding = 4; lastKnownFileType = sourcecode.swift; name = TextureLoader.swift; path = OriginalAdventureMetal/TextureLoader.swift; sourceTree = "<group>"; };
		E9B6AC581C02A6BF00F27FD7 /* Structs.h */ = {isa = PBXFileReference; lastKnownFileType = sourcecode.c.h; name = Structs.h; path = ../Structs.h; sourceTree = "<group>"; };
		E9BE64001BF416F700045FBB /* Mesh.swift */ = {isa = PBXFileReference; fileEncoding = 4; lastKnownFileType = sourcecode.swift; path = Mesh.swift; sourceTree = "<group>"; };
		E9BE64021BF417AE00045FBB /* MaterialParser.swift */ = {isa = PBXFileReference; fileEncoding = 4; lastKnownFileType = sourcecode.swift; path = MaterialParser.swift; sourceTree = "<group>"; };
		E9BE64071BF4249400045FBB /* ForwardRenderer.vert */ = {isa = PBXFileReference; fileEncoding = 4; lastKnownFileType = sourcecode.glsl; path = ForwardRenderer.vert; sourceTree = "<group>"; };
		E9BE64091BF4249C00045FBB /* ForwardRenderer.frag */ = {isa = PBXFileReference; fileEncoding = 4; lastKnownFileType = sourcecode.glsl; path = ForwardRenderer.frag; sourceTree = "<group>"; };
		E9BE640B1BF439A800045FBB /* TextureSampler.swift */ = {isa = PBXFileReference; fileEncoding = 4; lastKnownFileType = sourcecode.swift; path = TextureSampler.swift; sourceTree = "<group>"; };
		E9C13C731BFE8F8400DB4351 /* sphere.mtl */ = {isa = PBXFileReference; fileEncoding = 4; lastKnownFileType = text; path = sphere.mtl; sourceTree = "<group>"; };
		E9C13C741BFE8F8400DB4351 /* sphere.obj */ = {isa = PBXFileReference; fileEncoding = 4; lastKnownFileType = text; path = sphere.obj; sourceTree = "<group>"; };
		E9C1B1631BFFEC52004D5B4C /* ZSort.swift */ = {isa = PBXFileReference; fileEncoding = 4; lastKnownFileType = sourcecode.swift; path = ZSort.swift; sourceTree = "<group>"; };
		E9F48E621BF844FE006B6FED /* SceneGraphParser+OriginalAdventure.swift */ = {isa = PBXFileReference; fileEncoding = 4; lastKnownFileType = sourcecode.swift; path = "SceneGraphParser+OriginalAdventure.swift"; sourceTree = "<group>"; };
		E9F774F61BFBF2B6009776F0 /* Input.swift */ = {isa = PBXFileReference; fileEncoding = 4; lastKnownFileType = sourcecode.swift; name = Input.swift; path = OriginalAdventure/Input.swift; sourceTree = "<group>"; };
		E9F774F81BFC0EFD009776F0 /* AdventureGameInput.swift */ = {isa = PBXFileReference; fileEncoding = 4; lastKnownFileType = sourcecode.swift; path = AdventureGameInput.swift; sourceTree = "<group>"; };
		E9F774FA1BFC1747009776F0 /* EventDataKey.swift */ = {isa = PBXFileReference; fileEncoding = 4; lastKnownFileType = sourcecode.swift; name = EventDataKey.swift; path = OriginalAdventure/EventDataKey.swift; sourceTree = "<group>"; };
		E9F774FC1BFC1E53009776F0 /* Settings.swift */ = {isa = PBXFileReference; fileEncoding = 4; lastKnownFileType = sourcecode.swift; path = Settings.swift; sourceTree = "<group>"; };
		E9F774FE1BFC24AF009776F0 /* StoneWall.png */ = {isa = PBXFileReference; lastKnownFileType = image.png; path = StoneWall.png; sourceTree = "<group>"; };
		E9F775021BFC26E8009776F0 /* DirectionalLightPass.frag */ = {isa = PBXFileReference; fileEncoding = 4; lastKnownFileType = sourcecode.glsl; path = DirectionalLightPass.frag; sourceTree = "<group>"; };
		E9F775031BFC26E8009776F0 /* DirectionalLightPass.vert */ = {isa = PBXFileReference; fileEncoding = 4; lastKnownFileType = sourcecode.glsl; path = DirectionalLightPass.vert; sourceTree = "<group>"; };
		E9F775041BFC26E8009776F0 /* GeometryPass.frag */ = {isa = PBXFileReference; fileEncoding = 4; lastKnownFileType = sourcecode.glsl; path = GeometryPass.frag; sourceTree = "<group>"; };
		E9F775051BFC26E8009776F0 /* PointLightPass.frag */ = {isa = PBXFileReference; fileEncoding = 4; lastKnownFileType = sourcecode.glsl; path = PointLightPass.frag; sourceTree = "<group>"; };
		E9F775061BFC26E8009776F0 /* PointLightPass.vert */ = {isa = PBXFileReference; fileEncoding = 4; lastKnownFileType = sourcecode.glsl; path = PointLightPass.vert; sourceTree = "<group>"; };
		E9FBA6261BD618B5007052D4 /* GameObject.swift */ = {isa = PBXFileReference; fileEncoding = 4; lastKnownFileType = sourcecode.swift; path = GameObject.swift; sourceTree = "<group>"; };
		E9FBA6281BD61B8B007052D4 /* MathTypes.swift */ = {isa = PBXFileReference; fileEncoding = 4; lastKnownFileType = sourcecode.swift; path = MathTypes.swift; sourceTree = "<group>"; };
		E9FBA62A1BD61D2C007052D4 /* Accelerate.framework */ = {isa = PBXFileReference; lastKnownFileType = wrapper.framework; name = Accelerate.framework; path = System/Library/Frameworks/Accelerate.framework; sourceTree = SDKROOT; };
		E9FE25641BD4CA8C00B0CFC0 /* Camera.swift */ = {isa = PBXFileReference; fileEncoding = 4; lastKnownFileType = sourcecode.swift; path = Camera.swift; sourceTree = "<group>"; };
		E9FE25661BD4CAE200B0CFC0 /* Light.swift */ = {isa = PBXFileReference; fileEncoding = 4; lastKnownFileType = sourcecode.swift; path = Light.swift; sourceTree = "<group>"; };
		E9FE25681BD4D11F00B0CFC0 /* OpenGL.framework */ = {isa = PBXFileReference; lastKnownFileType = wrapper.framework; name = OpenGL.framework; path = System/Library/Frameworks/OpenGL.framework; sourceTree = SDKROOT; };
/* End PBXFileReference section */

/* Begin PBXFrameworksBuildPhase section */
		E93EED341BD30245005B6B05 /* Frameworks */ = {
			isa = PBXFrameworksBuildPhase;
			buildActionMask = 2147483647;
			files = (
				E9867C541BF19FFA008781B0 /* GLKit.framework in Frameworks */,
				E9205DC81BD77C97005B990F /* ModelIO.framework in Frameworks */,
				E944BD971BF0423500E61077 /* libglfw3.a in Frameworks */,
				E9FBA62B1BD61D2C007052D4 /* Accelerate.framework in Frameworks */,
				E9FE25691BD4D11F00B0CFC0 /* OpenGL.framework in Frameworks */,
			);
			runOnlyForDeploymentPostprocessing = 0;
		};
		E99A84451C01749800D0D63F /* Frameworks */ = {
			isa = PBXFrameworksBuildPhase;
			buildActionMask = 2147483647;
			files = (
			);
			runOnlyForDeploymentPostprocessing = 0;
		};
/* End PBXFrameworksBuildPhase section */

/* Begin PBXGroup section */
		E90B21C21BF808EB00EA118A /* Behaviours */ = {
			isa = PBXGroup;
			children = (
			);
			name = Behaviours;
			path = OriginalAdventure;
			sourceTree = "<group>";
		};
		E9205DC91BD79063005B990F /* MedievalModels */ = {
			isa = PBXGroup;
			children = (
				E9205DCA1BD79063005B990F /* BigTorch.obj */,
				E9205DCB1BD79063005B990F /* Carpet.obj */,
				E9205DCC1BD79063005B990F /* Chain.obj */,
				E9205DCD1BD79063005B990F /* Chain2.obj */,
				E9205DCE1BD79063005B990F /* clay-1.png */,
				E9205DCF1BD79063005B990F /* clay-2.png */,
				E9205DD01BD79063005B990F /* Column2.obj */,
				E9205DD11BD79063005B990F /* CornerFull.obj */,
				E9205DD21BD79063005B990F /* Crypt.obj */,
				E9205DD31BD79063005B990F /* Door.obj */,
				E9205DD41BD79063005B990F /* DoorSetting.obj */,
				E9205DD51BD79063005B990F /* marble-tile-1.png */,
				E9205DD61BD79063005B990F /* MedievalMaterials.mtl */,
				E9205DD71BD79063005B990F /* oldmetal-2.png */,
				E9205DD81BD79063005B990F /* Stairs.obj */,
				E9205DD91BD79063005B990F /* stone-tile-1.png */,
				E9205DDA1BD79063005B990F /* stone-tile-1_NRM.png */,
				E9205DDB1BD79063005B990F /* stone-tile-2.png */,
				E9205DDC1BD79063005B990F /* stone-tile-2_NRM.png */,
				E9205DDD1BD79063005B990F /* stone-tile-3.png */,
				E9205DDE1BD79063005B990F /* stone-tile-3_NRM.png */,
				E9205DDF1BD79063005B990F /* Torch.obj */,
				E9205DE01BD79063005B990F /* Wall.obj */,
				E9205DE11BD79063005B990F /* WallColumnBig.obj */,
				E9205DE21BD79063005B990F /* WallColumnEnd.obj */,
				E9205DE31BD79063005B990F /* WallColumnMiddle.obj */,
				E9205DE41BD79063005B990F /* WallDown.obj */,
				E9205DE51BD79063005B990F /* wood-1.png */,
				E9205DE61BD79063005B990F /* Wood.obj */,
			);
			path = MedievalModels;
			sourceTree = "<group>";
		};
		E92549EC1BD8EB1400EA4D58 /* GLFW */ = {
			isa = PBXGroup;
			children = (
				E944BD961BF0423500E61077 /* libglfw3.a */,
				E92549ED1BD8EB1400EA4D58 /* glfw3.h */,
				E92549EE1BD8EB1400EA4D58 /* glfw3native.h */,
			);
			path = GLFW;
			sourceTree = "<group>";
		};
		E93CB0FF1BF3EC8F0011267C /* Parsers */ = {
			isa = PBXGroup;
			children = (
				E93CB1021BF3EF450011267C /* MTLParser.swift */,
				E9BE64021BF417AE00045FBB /* MaterialParser.swift */,
				E90B21B61BF6B02E00EA118A /* SceneGraphParser.swift */,
				E90B21BA1BF7ED3D00EA118A /* OptionalStringInitialisable.swift */,
			);
			name = Parsers;
			path = OriginalAdventure;
			sourceTree = "<group>";
		};
		E93EED2E1BD30245005B6B05 = {
			isa = PBXGroup;
			children = (
				E9B6ABF21C0295E500F27FD7 /* Shared */,
				E9A4D4B51BF077BD003FEACC /* MedievalModels */,
				E9B6AC271C029AB300F27FD7 /* OriginalAdventureMetal */,
				E9FE256A1BD4D12900B0CFC0 /* Frameworks */,
				E93EED391BD30245005B6B05 /* OriginalAdventure */,
				E93EED381BD30245005B6B05 /* Products */,
			);
			sourceTree = "<group>";
		};
		E93EED381BD30245005B6B05 /* Products */ = {
			isa = PBXGroup;
			children = (
				E93EED371BD30245005B6B05 /* OriginalAdventure.app */,
				E99A84481C01749800D0D63F /* OriginalAdventureMetal.app */,
			);
			name = Products;
			sourceTree = "<group>";
		};
		E93EED391BD30245005B6B05 /* OriginalAdventure */ = {
			isa = PBXGroup;
			children = (
				E93EED4D1BD313A3005B6B05 /* OriginalAdventure-Bridging-Header.h */,
				E95E280D1BF9274D001E4F13 /* Engine */,
				E93EED3E1BD30245005B6B05 /* Assets.xcassets */,
				E93EED431BD30245005B6B05 /* Info.plist */,
				E9B6AC241C02994200F27FD7 /* GLConstants.swift */,
			);
			path = OriginalAdventure;
			sourceTree = "<group>";
		};
		E944BD561BEDD4D000E61077 /* Maths */ = {
			isa = PBXGroup;
			children = (
				E9FBA6281BD61B8B007052D4 /* MathTypes.swift */,
				E9205DBE1BD740CE005B990F /* BoundingBox.swift */,
				E9205DC41BD77331005B990F /* CBridges.h */,
				E9205DC51BD777B7005B990F /* CBridges.c */,
				E9968EC21C1D268F000154C1 /* Frustum.swift */,
			);
			name = Maths;
			path = OriginalAdventure;
			sourceTree = "<group>";
		};
		E944BD901BF03F7900E61077 /* Resources */ = {
			isa = PBXGroup;
			children = (
				E93AC7111C16377500801A46 /* Chest */,
				E9C13C731BFE8F8400DB4351 /* sphere.mtl */,
				E9C13C741BFE8F8400DB4351 /* sphere.obj */,
				E95E28131BF92F75001E4F13 /* Flame */,
				E90B21C71BF8122600EA118A /* StoneWall.jpg */,
				E9F774FE1BFC24AF009776F0 /* StoneWall.png */,
				E90B21C81BF8122600EA118A /* StoneWall.mtl */,
				E90B21B81BF7E8C600EA118A /* SceneGraph.xml */,
				E93CB0FD1BF321850011267C /* MedievalModels.abc */,
				E9867C551BF1A1B4008781B0 /* Plane.obj */,
				E9205DC91BD79063005B990F /* MedievalModels */,
			);
			name = Resources;
			path = OriginalAdventure;
			sourceTree = "<group>";
		};
		E944BD911BF03F8B00E61077 /* Shaders */ = {
			isa = PBXGroup;
			children = (
				E9F775011BFC26DB009776F0 /* Deferred Shading */,
				E9BE64091BF4249C00045FBB /* ForwardRenderer.frag */,
				E9BE64071BF4249400045FBB /* ForwardRenderer.vert */,
				E9A4D4B31BF075F1003FEACC /* PassthroughShader.vert */,
				E944BD921BF03F9800E61077 /* PickerShader.frag */,
				E944BD931BF03F9800E61077 /* PickerShader.vert */,
			);
			name = Shaders;
			sourceTree = "<group>";
		};
		E95E280D1BF9274D001E4F13 /* Engine */ = {
			isa = PBXGroup;
			children = (
				E9B6AC261C029A3E00F27FD7 /* Rendering */,
				E944BD911BF03F8B00E61077 /* Shaders */,
				E93EED3A1BD30245005B6B05 /* main.swift */,
			);
			name = Engine;
			sourceTree = "<group>";
		};
		E95E280E1BF92755001E4F13 /* Game */ = {
			isa = PBXGroup;
			children = (
				E99FCEBE1BDA2F4600C778A5 /* OriginalAdventure.swift */,
				E95E28121BF92775001E4F13 /* Behaviours */,
				E95E280F1BF9275D001E4F13 /* Parsers */,
				E9F774F81BFC0EFD009776F0 /* AdventureGameInput.swift */,
				E9F774FC1BFC1E53009776F0 /* Settings.swift */,
			);
			name = Game;
			path = OriginalAdventure;
			sourceTree = "<group>";
		};
		E95E280F1BF9275D001E4F13 /* Parsers */ = {
			isa = PBXGroup;
			children = (
				E9F48E621BF844FE006B6FED /* SceneGraphParser+OriginalAdventure.swift */,
			);
			name = Parsers;
			sourceTree = "<group>";
		};
		E95E28121BF92775001E4F13 /* Behaviours */ = {
			isa = PBXGroup;
			children = (
				E90B21C31BF808FD00EA118A /* SpawnPointBehaviour.swift */,
				E90B21C51BF8096300EA118A /* PlayerBehaviour.swift */,
				E95E28101BF92770001E4F13 /* FlickeringLightBehaviour.swift */,
				E93AC70D1C16311900801A46 /* OpenCloseBehaviour.swift */,
			);
			name = Behaviours;
			sourceTree = "<group>";
		};
		E97FAFEA1BFA8C2400025554 /* Animation */ = {
			isa = PBXGroup;
			children = (
				E97FAFF71BFA8C4800025554 /* Animation.swift */,
				E97FB00E1BFAB52B00025554 /* AnimableProperty.swift */,
				E97FB0121BFABA1700025554 /* AnimationSystem.swift */,
			);
			name = Animation;
			path = OriginalAdventure;
			sourceTree = "<group>";
		};
		E97FAFF91BFA8D6200025554 /* Events */ = {
			isa = PBXGroup;
			children = (
				E97FB00C1BFAA63E00025554 /* Event.swift */,
			);
			name = Events;
			path = OriginalAdventure;
			sourceTree = "<group>";
		};
		E99C443D1C05321A00F27679 /* Deferred */ = {
			isa = PBXGroup;
			children = (
				E99C44401C0532EE00F27679 /* GBuffer.metal */,
				E99C444C1C0562D400F27679 /* Lighting.metal */,
			);
			name = Deferred;
			sourceTree = "<group>";
		};
		E99C443E1C05322100F27679 /* Shaders */ = {
			isa = PBXGroup;
			children = (
				E99C44471C0560B200F27679 /* LightComputations.h */,
				E99C44481C0560B200F27679 /* LightComputations.metal */,
				E988C9721C7BEC99004DBFDE /* TorranceSparrow.metal */,
				E99A844E1C01749800D0D63F /* ForwardRendererShaders.metal */,
				E99C443D1C05321A00F27679 /* Deferred */,
				E99C443F1C05326D00F27679 /* MetalStructs.h */,
			);
			name = Shaders;
			sourceTree = "<group>";
		};
		E9A734F61BE20893002BB7FD /* Rendering */ = {
			isa = PBXGroup;
			children = (
				E9B6AC581C02A6BF00F27FD7 /* Structs.h */,
				E91AA9941BEAFC9F0026D9ED /* Shaders.swift */,
				E9A734F71BE2089F002BB7FD /* Renderer.swift */,
				E9BE64001BF416F700045FBB /* Mesh.swift */,
				E9C1B1631BFFEC52004D5B4C /* ZSort.swift */,
			);
			name = Rendering;
			path = OriginalAdventure;
			sourceTree = "<group>";
		};
		E9B6ABF21C0295E500F27FD7 /* Shared */ = {
			isa = PBXGroup;
			children = (
				E944BD901BF03F7900E61077 /* Resources */,
				E9B6ABF31C02961200F27FD7 /* Engine */,
				E95E280E1BF92755001E4F13 /* Game */,
			);
			name = Shared;
			sourceTree = "<group>";
		};
		E9B6ABF31C02961200F27FD7 /* Engine */ = {
			isa = PBXGroup;
			children = (
				E99FCEBC1BDA2A3500C778A5 /* Game.swift */,
				E9F774FA1BFC1747009776F0 /* EventDataKey.swift */,
				E97FAFF91BFA8D6200025554 /* Events */,
				E97FAFEA1BFA8C2400025554 /* Animation */,
				E93CB0FF1BF3EC8F0011267C /* Parsers */,
				E9A734F61BE20893002BB7FD /* Rendering */,
				E90B21C21BF808EB00EA118A /* Behaviours */,
				E9FE25631BD4CA5600B0CFC0 /* Scene Nodes */,
				E944BD561BEDD4D000E61077 /* Maths */,
				E9F774F61BFBF2B6009776F0 /* Input.swift */,
				E9968EBF1C1CF7AF000154C1 /* Octree.swift */,
			);
			name = Engine;
			sourceTree = "<group>";
		};
		E9B6AC261C029A3E00F27FD7 /* Rendering */ = {
			isa = PBXGroup;
			children = (
				E91AA9961BEAFDB30026D9ED /* GBuffer.swift */,
				E93B4C0E1BED59A200792417 /* TextureUnit.swift */,
				E93B4C101BED5D8B00792417 /* GLExtensions.swift */,
				E93CB1041BF3FF520011267C /* TextureLoader.swift */,
				E9205DBC1BD73F95005B990F /* GLMesh.swift */,
				E9A734F91BE208C2002BB7FD /* GLDeferredRenderer.swift */,
				E944BD8E1BF03BAB00E61077 /* GLForwardRenderer.swift */,
				E944BD8A1BF0059900E61077 /* MDL+GLTypes.swift */,
				E9BE640B1BF439A800045FBB /* TextureSampler.swift */,
			);
			name = Rendering;
			sourceTree = "<group>";
		};
		E9B6AC271C029AB300F27FD7 /* OriginalAdventureMetal */ = {
			isa = PBXGroup;
			children = (
				E9B6AC281C029AEB00F27FD7 /* Rendering */,
				E99A844A1C01749800D0D63F /* AppDelegate.swift */,
				E99A844C1C01749800D0D63F /* GameViewController.swift */,
				E93A311C1C042C75009240D4 /* MTKInputView.swift */,
				E99A84501C01749800D0D63F /* Assets.xcassets */,
				E99A84521C01749800D0D63F /* MainMenu.xib */,
				E99A84551C01749800D0D63F /* Info.plist */,
				E9B6AC201C02979E00F27FD7 /* OriginalAdventureMetal-Bridging-Header.h */,
				E9B6AC221C02991C00F27FD7 /* MetalConstants.swift */,
			);
			name = OriginalAdventureMetal;
			sourceTree = "<group>";
		};
		E9B6AC281C029AEB00F27FD7 /* Rendering */ = {
			isa = PBXGroup;
			children = (
				E99C443E1C05322100F27679 /* Shaders */,
				E9B6AC2D1C029C5100F27FD7 /* MTLMesh.swift */,
				E9B6AC2F1C029E1800F27FD7 /* TextureLoader.swift */,
				E9B6AC2B1C029BDB00F27FD7 /* TextureSampler.swift */,
				E9B6ABF01C02957600F27FD7 /* MTLForwardRenderer.swift */,
				E99FDCDD1C050B9B004AFD66 /* MTLDeferredRenderer.swift */,
				E9A212D51C0BCA5C0037EE45 /* DeferredPrimitives.swift */,
				E99C44421C05449400F27679 /* MTLRenderer.swift */,
			);
			name = Rendering;
			sourceTree = "<group>";
		};
		E9F775011BFC26DB009776F0 /* Deferred Shading */ = {
			isa = PBXGroup;
			children = (
				E9F775021BFC26E8009776F0 /* DirectionalLightPass.frag */,
				E9F775031BFC26E8009776F0 /* DirectionalLightPass.vert */,
				E9F775041BFC26E8009776F0 /* GeometryPass.frag */,
				E9F775051BFC26E8009776F0 /* PointLightPass.frag */,
				E9F775061BFC26E8009776F0 /* PointLightPass.vert */,
			);
			name = "Deferred Shading";
			sourceTree = "<group>";
		};
		E9FE25631BD4CA5600B0CFC0 /* Scene Nodes */ = {
			isa = PBXGroup;
			children = (
				E93EED491BD30262005B6B05 /* SceneNode.swift */,
				E93EED4B1BD3026C005B6B05 /* TransformNode.swift */,
				E9FE25641BD4CA8C00B0CFC0 /* Camera.swift */,
				E9FE25661BD4CAE200B0CFC0 /* Light.swift */,
				E9FBA6261BD618B5007052D4 /* GameObject.swift */,
				E9205DC01BD744DD005B990F /* Material.swift */,
				E90B21C01BF8089900EA118A /* Behaviour.swift */,
			);
			name = "Scene Nodes";
			path = OriginalAdventure;
			sourceTree = "<group>";
		};
		E9FE256A1BD4D12900B0CFC0 /* Frameworks */ = {
			isa = PBXGroup;
			children = (
				E9867C531BF19FFA008781B0 /* GLKit.framework */,
				E92549EC1BD8EB1400EA4D58 /* GLFW */,
				E9205DC71BD77C97005B990F /* ModelIO.framework */,
				E9FBA62A1BD61D2C007052D4 /* Accelerate.framework */,
				E9FE25681BD4D11F00B0CFC0 /* OpenGL.framework */,
			);
			name = Frameworks;
			sourceTree = "<group>";
		};
/* End PBXGroup section */

/* Begin PBXNativeTarget section */
		E93EED361BD30245005B6B05 /* OriginalAdventure */ = {
			isa = PBXNativeTarget;
			buildConfigurationList = E93EED461BD30245005B6B05 /* Build configuration list for PBXNativeTarget "OriginalAdventure" */;
			buildPhases = (
				E93EED331BD30245005B6B05 /* Sources */,
				E93EED341BD30245005B6B05 /* Frameworks */,
				E93EED351BD30245005B6B05 /* Resources */,
				E9FFBCCF1BF96A9400E94386 /* Embed Frameworks */,
			);
			buildRules = (
			);
			dependencies = (
			);
			name = OriginalAdventure;
			productName = OriginalAdventure;
			productReference = E93EED371BD30245005B6B05 /* OriginalAdventure.app */;
			productType = "com.apple.product-type.application";
		};
		E99A84471C01749800D0D63F /* OriginalAdventureMetal */ = {
			isa = PBXNativeTarget;
			buildConfigurationList = E99A84581C01749800D0D63F /* Build configuration list for PBXNativeTarget "OriginalAdventureMetal" */;
			buildPhases = (
				E99A84441C01749800D0D63F /* Sources */,
				E99A84451C01749800D0D63F /* Frameworks */,
				E99A84461C01749800D0D63F /* Resources */,
			);
			buildRules = (
			);
			dependencies = (
			);
			name = OriginalAdventureMetal;
			productName = OriginalAdventureMetal;
			productReference = E99A84481C01749800D0D63F /* OriginalAdventureMetal.app */;
			productType = "com.apple.product-type.application";
		};
/* End PBXNativeTarget section */

/* Begin PBXProject section */
		E93EED2F1BD30245005B6B05 /* Project object */ = {
			isa = PBXProject;
			attributes = {
				LastSwiftUpdateCheck = 0710;
				LastUpgradeCheck = 0700;
				ORGANIZATIONNAME = "Thomas Roughton";
				TargetAttributes = {
					E93EED361BD30245005B6B05 = {
						CreatedOnToolsVersion = 7.0.1;
					};
					E99A84471C01749800D0D63F = {
						CreatedOnToolsVersion = 7.1.1;
					};
				};
			};
			buildConfigurationList = E93EED321BD30245005B6B05 /* Build configuration list for PBXProject "OriginalAdventure" */;
			compatibilityVersion = "Xcode 6.3";
			developmentRegion = English;
			hasScannedForEncodings = 0;
			knownRegions = (
				en,
				Base,
			);
			mainGroup = E93EED2E1BD30245005B6B05;
			productRefGroup = E93EED381BD30245005B6B05 /* Products */;
			projectDirPath = "";
			projectRoot = "";
			targets = (
				E93EED361BD30245005B6B05 /* OriginalAdventure */,
				E99A84471C01749800D0D63F /* OriginalAdventureMetal */,
			);
		};
/* End PBXProject section */

/* Begin PBXResourcesBuildPhase section */
		E93EED351BD30245005B6B05 /* Resources */ = {
			isa = PBXResourcesBuildPhase;
			buildActionMask = 2147483647;
			files = (
				E9F7750B1BFC26E8009776F0 /* PointLightPass.vert in Resources */,
				E9867C561BF1A1B4008781B0 /* Plane.obj in Resources */,
				E90B21CA1BF8122600EA118A /* StoneWall.mtl in Resources */,
				E9F7750A1BFC26E8009776F0 /* PointLightPass.frag in Resources */,
				E9C13C751BFE8F8400DB4351 /* sphere.mtl in Resources */,
				E90B21B91BF7E8C600EA118A /* SceneGraph.xml in Resources */,
				E93AC7121C16377500801A46 /* Chest in Resources */,
				E9A4D4B71BF077CB003FEACC /* PassthroughShader.vert in Resources */,
				E9C13C761BFE8F8400DB4351 /* sphere.obj in Resources */,
				E90B21C91BF8122600EA118A /* StoneWall.jpg in Resources */,
				E9F775081BFC26E8009776F0 /* DirectionalLightPass.vert in Resources */,
				E9F775071BFC26E8009776F0 /* DirectionalLightPass.frag in Resources */,
				E9BE64081BF4249400045FBB /* ForwardRenderer.vert in Resources */,
				E9F775091BFC26E8009776F0 /* GeometryPass.frag in Resources */,
				E9A4D4B81BF077CB003FEACC /* PickerShader.frag in Resources */,
				E9A4D4B91BF077CB003FEACC /* PickerShader.vert in Resources */,
				E9A4D4B61BF077BD003FEACC /* MedievalModels in Resources */,
				E9F774FF1BFC24AF009776F0 /* StoneWall.png in Resources */,
				E9BE640A1BF4249C00045FBB /* ForwardRenderer.frag in Resources */,
				E95E28141BF92F75001E4F13 /* Flame in Resources */,
				E93EED3F1BD30245005B6B05 /* Assets.xcassets in Resources */,
			);
			runOnlyForDeploymentPostprocessing = 0;
		};
		E99A84461C01749800D0D63F /* Resources */ = {
			isa = PBXResourcesBuildPhase;
			buildActionMask = 2147483647;
			files = (
				E9B6AC571C02A13E00F27FD7 /* MedievalModels in Resources */,
				E9B6AC311C02A11400F27FD7 /* sphere.mtl in Resources */,
				E9B6AC321C02A11400F27FD7 /* sphere.obj in Resources */,
				E9B6AC331C02A11400F27FD7 /* Flame in Resources */,
				E9B6AC341C02A11400F27FD7 /* StoneWall.jpg in Resources */,
				E9B6AC351C02A11400F27FD7 /* StoneWall.png in Resources */,
				E93AC7131C16377500801A46 /* Chest in Resources */,
				E9B6AC361C02A11400F27FD7 /* StoneWall.mtl in Resources */,
				E9B6AC371C02A11400F27FD7 /* SceneGraph.xml in Resources */,
				E9B6AC381C02A11400F27FD7 /* MedievalModels.abc in Resources */,
				E9B6AC391C02A11400F27FD7 /* Plane.obj in Resources */,
				E9B6AC3A1C02A11400F27FD7 /* BigTorch.obj in Resources */,
				E9B6AC3B1C02A11400F27FD7 /* Carpet.obj in Resources */,
				E9B6AC3C1C02A11400F27FD7 /* Chain.obj in Resources */,
				E9B6AC3D1C02A11400F27FD7 /* Chain2.obj in Resources */,
				E9B6AC3E1C02A11400F27FD7 /* clay-1.png in Resources */,
				E9B6AC3F1C02A11400F27FD7 /* clay-2.png in Resources */,
				E9B6AC401C02A11400F27FD7 /* Column2.obj in Resources */,
				E9B6AC411C02A11400F27FD7 /* CornerFull.obj in Resources */,
				E9B6AC421C02A11400F27FD7 /* Crypt.obj in Resources */,
				E9B6AC431C02A11400F27FD7 /* Door.obj in Resources */,
				E9B6AC441C02A11400F27FD7 /* DoorSetting.obj in Resources */,
				E9B6AC451C02A11400F27FD7 /* marble-tile-1.png in Resources */,
				E9B6AC461C02A11400F27FD7 /* MedievalMaterials.mtl in Resources */,
				E9B6AC471C02A11400F27FD7 /* oldmetal-2.png in Resources */,
				E9B6AC481C02A11400F27FD7 /* Stairs.obj in Resources */,
				E9B6AC491C02A11400F27FD7 /* stone-tile-1.png in Resources */,
				E9B6AC4A1C02A11400F27FD7 /* stone-tile-1_NRM.png in Resources */,
				E9B6AC4B1C02A11400F27FD7 /* stone-tile-2.png in Resources */,
				E9B6AC4C1C02A11400F27FD7 /* stone-tile-2_NRM.png in Resources */,
				E9B6AC4D1C02A11400F27FD7 /* stone-tile-3.png in Resources */,
				E9B6AC4E1C02A11400F27FD7 /* stone-tile-3_NRM.png in Resources */,
				E9B6AC4F1C02A11400F27FD7 /* Torch.obj in Resources */,
				E9B6AC501C02A11400F27FD7 /* Wall.obj in Resources */,
				E9B6AC511C02A11400F27FD7 /* WallColumnBig.obj in Resources */,
				E9B6AC521C02A11400F27FD7 /* WallColumnEnd.obj in Resources */,
				E9B6AC531C02A11400F27FD7 /* WallColumnMiddle.obj in Resources */,
				E9B6AC541C02A11400F27FD7 /* WallDown.obj in Resources */,
				E9B6AC551C02A11400F27FD7 /* wood-1.png in Resources */,
				E9B6AC561C02A11400F27FD7 /* Wood.obj in Resources */,
				E99A84511C01749800D0D63F /* Assets.xcassets in Resources */,
				E99A84541C01749800D0D63F /* MainMenu.xib in Resources */,
			);
			runOnlyForDeploymentPostprocessing = 0;
		};
/* End PBXResourcesBuildPhase section */

/* Begin PBXSourcesBuildPhase section */
		E93EED331BD30245005B6B05 /* Sources */ = {
			isa = PBXSourcesBuildPhase;
			buildActionMask = 2147483647;
			files = (
				E9F775001BFC2502009776F0 /* GLDeferredRenderer.swift in Sources */,
				E9FE25651BD4CA8C00B0CFC0 /* Camera.swift in Sources */,
				E9FBA6271BD618B5007052D4 /* GameObject.swift in Sources */,
				E9F774FB1BFC1747009776F0 /* EventDataKey.swift in Sources */,
				E90B21C61BF8096300EA118A /* PlayerBehaviour.swift in Sources */,
				E9BE640C1BF439A800045FBB /* TextureSampler.swift in Sources */,
				E91AA9951BEAFC9F0026D9ED /* Shaders.swift in Sources */,
				E9F48E631BF844FE006B6FED /* SceneGraphParser+OriginalAdventure.swift in Sources */,
				E9C1B1641BFFEC52004D5B4C /* ZSort.swift in Sources */,
				E93EED4C1BD3026C005B6B05 /* TransformNode.swift in Sources */,
				E90B21C41BF808FD00EA118A /* SpawnPointBehaviour.swift in Sources */,
				E93CB1031BF3EF450011267C /* MTLParser.swift in Sources */,
				E93AC7101C16312A00801A46 /* OpenCloseBehaviour.swift in Sources */,
				E99FCEBF1BDA2F4600C778A5 /* OriginalAdventure.swift in Sources */,
				E9FBA6291BD61B8B007052D4 /* MathTypes.swift in Sources */,
				E90B21C11BF8089900EA118A /* Behaviour.swift in Sources */,
				E9A734F81BE2089F002BB7FD /* Renderer.swift in Sources */,
				E9205DBF1BD740CE005B990F /* BoundingBox.swift in Sources */,
				E90B21B71BF6B02E00EA118A /* SceneGraphParser.swift in Sources */,
				E97FB00D1BFAA63E00025554 /* Event.swift in Sources */,
				E93B4C0F1BED59A200792417 /* TextureUnit.swift in Sources */,
				E9B6AC251C02994200F27FD7 /* GLConstants.swift in Sources */,
				E9F774FD1BFC1E53009776F0 /* Settings.swift in Sources */,
				E90B21BB1BF7ED3D00EA118A /* OptionalStringInitialisable.swift in Sources */,
				E93EED4A1BD30262005B6B05 /* SceneNode.swift in Sources */,
				E9968EC31C1D268F000154C1 /* Frustum.swift in Sources */,
				E9BE64031BF417AE00045FBB /* MaterialParser.swift in Sources */,
				E9205DC61BD777B7005B990F /* CBridges.c in Sources */,
				E91AA9971BEAFDB30026D9ED /* GBuffer.swift in Sources */,
				E9F774F91BFC0EFD009776F0 /* AdventureGameInput.swift in Sources */,
				E97FAFF81BFA8C4800025554 /* Animation.swift in Sources */,
				E93EED3B1BD30245005B6B05 /* main.swift in Sources */,
				E9205DC11BD744DD005B990F /* Material.swift in Sources */,
				E9968EC01C1CF7AF000154C1 /* Octree.swift in Sources */,
				E9F774F71BFBF2B6009776F0 /* Input.swift in Sources */,
				E944BD8F1BF03BAB00E61077 /* GLForwardRenderer.swift in Sources */,
				E944BD8B1BF0059900E61077 /* MDL+GLTypes.swift in Sources */,
				E9BE64011BF416F700045FBB /* Mesh.swift in Sources */,
				E97FB0131BFABA1700025554 /* AnimationSystem.swift in Sources */,
				E95E28111BF92770001E4F13 /* FlickeringLightBehaviour.swift in Sources */,
				E93CB1051BF3FF520011267C /* TextureLoader.swift in Sources */,
				E99FCEBD1BDA2A3500C778A5 /* Game.swift in Sources */,
				E9FE25671BD4CAE200B0CFC0 /* Light.swift in Sources */,
				E97FB00F1BFAB52B00025554 /* AnimableProperty.swift in Sources */,
				E93B4C111BED5D8B00792417 /* GLExtensions.swift in Sources */,
				E9205DBD1BD73F95005B990F /* GLMesh.swift in Sources */,
			);
			runOnlyForDeploymentPostprocessing = 0;
		};
		E99A84441C01749800D0D63F /* Sources */ = {
			isa = PBXSourcesBuildPhase;
			buildActionMask = 2147483647;
			files = (
				E988C9731C7BEC99004DBFDE /* TorranceSparrow.metal in Sources */,
				E9B6AC211C02982000F27FD7 /* Game.swift in Sources */,
				E9B6ABF41C02965500F27FD7 /* EventDataKey.swift in Sources */,
				E9B6ABF51C02965500F27FD7 /* Event.swift in Sources */,
				E9B6ABF61C02965500F27FD7 /* Animation.swift in Sources */,
				E9B6ABF71C02965500F27FD7 /* AnimableProperty.swift in Sources */,
				E9B6ABF81C02965500F27FD7 /* AnimationSystem.swift in Sources */,
				E99C44491C0560B200F27679 /* LightComputations.metal in Sources */,
				E9B6ABF91C02965500F27FD7 /* MTLParser.swift in Sources */,
				E9B6ABFA1C02965500F27FD7 /* MaterialParser.swift in Sources */,
				E9B6ABFB1C02965500F27FD7 /* SceneGraphParser.swift in Sources */,
				E9B6ABFC1C02965500F27FD7 /* OptionalStringInitialisable.swift in Sources */,
				E9B6AC001C02965500F27FD7 /* Shaders.swift in Sources */,
				E99FDCDE1C050B9B004AFD66 /* MTLDeferredRenderer.swift in Sources */,
				E9B6AC011C02965500F27FD7 /* Renderer.swift in Sources */,
				E9B6AC2E1C029C5100F27FD7 /* MTLMesh.swift in Sources */,
				E9B6AC041C02965500F27FD7 /* GBuffer.swift in Sources */,
				E99C444D1C0562D400F27679 /* Lighting.metal in Sources */,
				E9B6AC051C02965500F27FD7 /* TextureUnit.swift in Sources */,
				E9B6AC061C02965500F27FD7 /* GLExtensions.swift in Sources */,
				E9B6AC301C029E1800F27FD7 /* TextureLoader.swift in Sources */,
				E9B6AC091C02965500F27FD7 /* Mesh.swift in Sources */,
				E9B6AC0B1C02965500F27FD7 /* ZSort.swift in Sources */,
				E9B6AC0C1C02965500F27FD7 /* SceneNode.swift in Sources */,
				E9B6AC0D1C02965500F27FD7 /* TransformNode.swift in Sources */,
				E9B6AC0E1C02965500F27FD7 /* Camera.swift in Sources */,
				E9B6AC0F1C02965500F27FD7 /* Light.swift in Sources */,
				E9B6AC111C02965500F27FD7 /* GameObject.swift in Sources */,
				E93AC70F1C16312A00801A46 /* OpenCloseBehaviour.swift in Sources */,
				E9B6AC121C02965500F27FD7 /* Material.swift in Sources */,
				E9A212D61C0BCA5C0037EE45 /* DeferredPrimitives.swift in Sources */,
				E9B6AC2C1C029BDB00F27FD7 /* TextureSampler.swift in Sources */,
				E9B6AC131C02965500F27FD7 /* Behaviour.swift in Sources */,
				E9B6AC141C02965500F27FD7 /* MathTypes.swift in Sources */,
				E99C44431C05449400F27679 /* MTLRenderer.swift in Sources */,
				E9B6AC151C02965500F27FD7 /* BoundingBox.swift in Sources */,
				E9B6AC171C02965500F27FD7 /* CBridges.c in Sources */,
				E9B6AC181C02965500F27FD7 /* Input.swift in Sources */,
				E9B6AC191C02965500F27FD7 /* OriginalAdventure.swift in Sources */,
				E99C44411C0532EE00F27679 /* GBuffer.metal in Sources */,
				E9B6AC1A1C02965500F27FD7 /* SpawnPointBehaviour.swift in Sources */,
				E9B6AC1B1C02965500F27FD7 /* PlayerBehaviour.swift in Sources */,
				E9968EC11C1CF7AF000154C1 /* Octree.swift in Sources */,
				E9B6AC1C1C02965500F27FD7 /* FlickeringLightBehaviour.swift in Sources */,
				E9B6AC1D1C02965500F27FD7 /* SceneGraphParser+OriginalAdventure.swift in Sources */,
				E9B6AC1E1C02965500F27FD7 /* AdventureGameInput.swift in Sources */,
				E9B6AC1F1C02965500F27FD7 /* Settings.swift in Sources */,
				E99A844F1C01749800D0D63F /* ForwardRendererShaders.metal in Sources */,
				E99A844D1C01749800D0D63F /* GameViewController.swift in Sources */,
				E93A311D1C042C75009240D4 /* MTKInputView.swift in Sources */,
				E99A844B1C01749800D0D63F /* AppDelegate.swift in Sources */,
				E9B6ABF11C02957600F27FD7 /* MTLForwardRenderer.swift in Sources */,
				E9B6AC231C02991C00F27FD7 /* MetalConstants.swift in Sources */,
				E9968EC41C1D268F000154C1 /* Frustum.swift in Sources */,
			);
			runOnlyForDeploymentPostprocessing = 0;
		};
/* End PBXSourcesBuildPhase section */

/* Begin PBXVariantGroup section */
		E99A84521C01749800D0D63F /* MainMenu.xib */ = {
			isa = PBXVariantGroup;
			children = (
				E99A84531C01749800D0D63F /* Base */,
			);
			name = MainMenu.xib;
			path = OriginalAdventureMetal;
			sourceTree = "<group>";
		};
/* End PBXVariantGroup section */

/* Begin XCBuildConfiguration section */
		E93EED441BD30245005B6B05 /* Debug */ = {
			isa = XCBuildConfiguration;
			buildSettings = {
				ALWAYS_SEARCH_USER_PATHS = NO;
				CLANG_CXX_LANGUAGE_STANDARD = "gnu++0x";
				CLANG_CXX_LIBRARY = "libc++";
				CLANG_ENABLE_MODULES = YES;
				CLANG_ENABLE_OBJC_ARC = YES;
				CLANG_WARN_BOOL_CONVERSION = YES;
				CLANG_WARN_CONSTANT_CONVERSION = YES;
				CLANG_WARN_DIRECT_OBJC_ISA_USAGE = YES_ERROR;
				CLANG_WARN_EMPTY_BODY = YES;
				CLANG_WARN_ENUM_CONVERSION = YES;
				CLANG_WARN_INT_CONVERSION = YES;
				CLANG_WARN_OBJC_ROOT_CLASS = YES_ERROR;
				CLANG_WARN_UNREACHABLE_CODE = YES;
				CLANG_WARN__DUPLICATE_METHOD_MATCH = YES;
				CODE_SIGN_IDENTITY = "-";
				COPY_PHASE_STRIP = NO;
				DEBUG_INFORMATION_FORMAT = dwarf;
				ENABLE_STRICT_OBJC_MSGSEND = YES;
				ENABLE_TESTABILITY = YES;
				GCC_C_LANGUAGE_STANDARD = gnu99;
				GCC_DYNAMIC_NO_PIC = NO;
				GCC_NO_COMMON_BLOCKS = YES;
				GCC_OPTIMIZATION_LEVEL = 0;
				GCC_PREPROCESSOR_DEFINITIONS = (
					"DEBUG=1",
					"$(inherited)",
				);
				GCC_WARN_64_TO_32_BIT_CONVERSION = YES;
				GCC_WARN_ABOUT_RETURN_TYPE = YES_ERROR;
				GCC_WARN_UNDECLARED_SELECTOR = YES;
				GCC_WARN_UNINITIALIZED_AUTOS = YES_AGGRESSIVE;
				GCC_WARN_UNUSED_FUNCTION = YES;
				GCC_WARN_UNUSED_VARIABLE = YES;
				MACOSX_DEPLOYMENT_TARGET = 10.11;
				MTL_ENABLE_DEBUG_INFO = YES;
				ONLY_ACTIVE_ARCH = YES;
				SDKROOT = macosx;
				SWIFT_OPTIMIZATION_LEVEL = "-Onone";
			};
			name = Debug;
		};
		E93EED451BD30245005B6B05 /* Release */ = {
			isa = XCBuildConfiguration;
			buildSettings = {
				ALWAYS_SEARCH_USER_PATHS = NO;
				CLANG_CXX_LANGUAGE_STANDARD = "gnu++0x";
				CLANG_CXX_LIBRARY = "libc++";
				CLANG_ENABLE_MODULES = YES;
				CLANG_ENABLE_OBJC_ARC = YES;
				CLANG_WARN_BOOL_CONVERSION = YES;
				CLANG_WARN_CONSTANT_CONVERSION = YES;
				CLANG_WARN_DIRECT_OBJC_ISA_USAGE = YES_ERROR;
				CLANG_WARN_EMPTY_BODY = YES;
				CLANG_WARN_ENUM_CONVERSION = YES;
				CLANG_WARN_INT_CONVERSION = YES;
				CLANG_WARN_OBJC_ROOT_CLASS = YES_ERROR;
				CLANG_WARN_UNREACHABLE_CODE = YES;
				CLANG_WARN__DUPLICATE_METHOD_MATCH = YES;
				CODE_SIGN_IDENTITY = "-";
				COPY_PHASE_STRIP = NO;
				DEBUG_INFORMATION_FORMAT = "dwarf-with-dsym";
				ENABLE_NS_ASSERTIONS = NO;
				ENABLE_STRICT_OBJC_MSGSEND = YES;
				GCC_C_LANGUAGE_STANDARD = gnu99;
				GCC_NO_COMMON_BLOCKS = YES;
				GCC_WARN_64_TO_32_BIT_CONVERSION = YES;
				GCC_WARN_ABOUT_RETURN_TYPE = YES_ERROR;
				GCC_WARN_UNDECLARED_SELECTOR = YES;
				GCC_WARN_UNINITIALIZED_AUTOS = YES_AGGRESSIVE;
				GCC_WARN_UNUSED_FUNCTION = YES;
				GCC_WARN_UNUSED_VARIABLE = YES;
				MACOSX_DEPLOYMENT_TARGET = 10.11;
				MTL_ENABLE_DEBUG_INFO = NO;
				SDKROOT = macosx;
			};
			name = Release;
		};
		E93EED471BD30245005B6B05 /* Debug */ = {
			isa = XCBuildConfiguration;
			buildSettings = {
				ASSETCATALOG_COMPILER_APPICON_NAME = AppIcon;
				CLANG_ENABLE_MODULES = YES;
				COMBINE_HIDPI_IMAGES = YES;
				EMBEDDED_CONTENT_CONTAINS_SWIFT = YES;
				FRAMEWORK_SEARCH_PATHS = "$(SRCROOT)/**";
				HEADER_SEARCH_PATHS = "$(SRCROOT)";
				INFOPLIST_FILE = OriginalAdventure/Info.plist;
				LD_RUNPATH_SEARCH_PATHS = "$(inherited) @executable_path/../Frameworks";
				LIBRARY_SEARCH_PATHS = (
					"$(inherited)",
					"$(PROJECT_DIR)",
					"$(PROJECT_DIR)/GLFW",
				);
				PRODUCT_BUNDLE_IDENTIFIER = Ingenero.OriginalAdventure;
				PRODUCT_NAME = "$(TARGET_NAME)";
				SWIFT_OBJC_BRIDGING_HEADER = "OriginalAdventure/OriginalAdventure-Bridging-Header.h";
			};
			name = Debug;
		};
		E93EED481BD30245005B6B05 /* Release */ = {
			isa = XCBuildConfiguration;
			buildSettings = {
				ASSETCATALOG_COMPILER_APPICON_NAME = AppIcon;
				CLANG_ENABLE_MODULES = YES;
				COMBINE_HIDPI_IMAGES = YES;
				EMBEDDED_CONTENT_CONTAINS_SWIFT = YES;
				FRAMEWORK_SEARCH_PATHS = "$(SRCROOT)/**";
				HEADER_SEARCH_PATHS = "$(SRCROOT)";
				INFOPLIST_FILE = OriginalAdventure/Info.plist;
				LD_RUNPATH_SEARCH_PATHS = "$(inherited) @executable_path/../Frameworks";
				LIBRARY_SEARCH_PATHS = (
					"$(inherited)",
					"$(PROJECT_DIR)",
					"$(PROJECT_DIR)/GLFW",
				);
				PRODUCT_BUNDLE_IDENTIFIER = Ingenero.OriginalAdventure;
				PRODUCT_NAME = "$(TARGET_NAME)";
				SWIFT_DISABLE_SAFETY_CHECKS = YES;
				SWIFT_OBJC_BRIDGING_HEADER = "OriginalAdventure/OriginalAdventure-Bridging-Header.h";
			};
			name = Release;
		};
		E99A84561C01749800D0D63F /* Debug */ = {
			isa = XCBuildConfiguration;
			buildSettings = {
				ASSETCATALOG_COMPILER_APPICON_NAME = AppIcon;
				COMBINE_HIDPI_IMAGES = YES;
				DEBUG_INFORMATION_FORMAT = "dwarf-with-dsym";
				INFOPLIST_FILE = OriginalAdventureMetal/Info.plist;
				LD_RUNPATH_SEARCH_PATHS = "$(inherited) @executable_path/../Frameworks";
				PRODUCT_BUNDLE_IDENTIFIER = com.ingenero.OriginalAdventureMetal;
				PRODUCT_NAME = "$(TARGET_NAME)";
				SWIFT_OBJC_BRIDGING_HEADER = "OriginalAdventureMetal/OriginalAdventureMetal-Bridging-Header.h";
			};
			name = Debug;
		};
		E99A84571C01749800D0D63F /* Release */ = {
			isa = XCBuildConfiguration;
			buildSettings = {
				ASSETCATALOG_COMPILER_APPICON_NAME = AppIcon;
				COMBINE_HIDPI_IMAGES = YES;
				INFOPLIST_FILE = OriginalAdventureMetal/Info.plist;
				LD_RUNPATH_SEARCH_PATHS = "$(inherited) @executable_path/../Frameworks";
				PRODUCT_BUNDLE_IDENTIFIER = com.ingenero.OriginalAdventureMetal;
				PRODUCT_NAME = "$(TARGET_NAME)";
				SWIFT_DISABLE_SAFETY_CHECKS = YES;
				SWIFT_OBJC_BRIDGING_HEADER = "OriginalAdventureMetal/OriginalAdventureMetal-Bridging-Header.h";
			};
			name = Release;
		};
/* End XCBuildConfiguration section */

/* Begin XCConfigurationList section */
		E93EED321BD30245005B6B05 /* Build configuration list for PBXProject "OriginalAdventure" */ = {
			isa = XCConfigurationList;
			buildConfigurations = (
				E93EED441BD30245005B6B05 /* Debug */,
				E93EED451BD30245005B6B05 /* Release */,
			);
			defaultConfigurationIsVisible = 0;
			defaultConfigurationName = Release;
		};
		E93EED461BD30245005B6B05 /* Build configuration list for PBXNativeTarget "OriginalAdventure" */ = {
			isa = XCConfigurationList;
			buildConfigurations = (
				E93EED471BD30245005B6B05 /* Debug */,
				E93EED481BD30245005B6B05 /* Release */,
			);
			defaultConfigurationIsVisible = 0;
			defaultConfigurationName = Release;
		};
		E99A84581C01749800D0D63F /* Build configuration list for PBXNativeTarget "OriginalAdventureMetal" */ = {
			isa = XCConfigurationList;
			buildConfigurations = (
				E99A84561C01749800D0D63F /* Debug */,
				E99A84571C01749800D0D63F /* Release */,
			);
			defaultConfigurationIsVisible = 0;
			defaultConfigurationName = Release;
		};
/* End XCConfigurationList section */
	};
	rootObject = E93EED2F1BD30245005B6B05 /* Project object */;
}
